// !$*UTF8*$!
{
	archiveVersion = 1;
	classes = {
	};
	objectVersion = 46;
	objects = {

/* Begin PBXBuildFile section */
		D44A6A0A1BF0669900220B26 /* DrawRectView.m in Sources */ = {isa = PBXBuildFile; fileRef = D44A6A091BF0669900220B26 /* DrawRectView.m */; };
		D44A6A131BF06EE000220B26 /* YJPoint.m in Sources */ = {isa = PBXBuildFile; fileRef = D44A6A121BF06EE000220B26 /* YJPoint.m */; };
		D47B880A1BEDD58500B418B9 /* main.m in Sources */ = {isa = PBXBuildFile; fileRef = D47B88091BEDD58500B418B9 /* main.m */; };
		D47B880D1BEDD58500B418B9 /* AppDelegate.m in Sources */ = {isa = PBXBuildFile; fileRef = D47B880C1BEDD58500B418B9 /* AppDelegate.m */; };
		D47B88131BEDD58500B418B9 /* Main.storyboard in Resources */ = {isa = PBXBuildFile; fileRef = D47B88111BEDD58500B418B9 /* Main.storyboard */; };
		D47B88151BEDD58500B418B9 /* Assets.xcassets in Resources */ = {isa = PBXBuildFile; fileRef = D47B88141BEDD58500B418B9 /* Assets.xcassets */; };
		D47B88181BEDD58500B418B9 /* LaunchScreen.storyboard in Resources */ = {isa = PBXBuildFile; fileRef = D47B88161BEDD58500B418B9 /* LaunchScreen.storyboard */; };
		D47B88231BEDD58600B418B9 /* GestureRecognizerTests.m in Sources */ = {isa = PBXBuildFile; fileRef = D47B88221BEDD58600B418B9 /* GestureRecognizerTests.m */; };
		D47B882E1BEDD58600B418B9 /* GestureRecognizerUITests.m in Sources */ = {isa = PBXBuildFile; fileRef = D47B882D1BEDD58600B418B9 /* GestureRecognizerUITests.m */; };
		D47B88401BEEFA1500B418B9 /* BaseVC.m in Sources */ = {isa = PBXBuildFile; fileRef = D47B883F1BEEFA1500B418B9 /* BaseVC.m */; };
		D47B88431BEEFA2400B418B9 /* AdvancedVC.m in Sources */ = {isa = PBXBuildFile; fileRef = D47B88421BEEFA2400B418B9 /* AdvancedVC.m */; };
		D47B88461BEEFA4C00B418B9 /* SeniorVC.m in Sources */ = {isa = PBXBuildFile; fileRef = D47B88451BEEFA4C00B418B9 /* SeniorVC.m */; };
/* End PBXBuildFile section */

/* Begin PBXContainerItemProxy section */
		D47B881F1BEDD58600B418B9 /* PBXContainerItemProxy */ = {
			isa = PBXContainerItemProxy;
			containerPortal = D47B87FD1BEDD58500B418B9 /* Project object */;
			proxyType = 1;
			remoteGlobalIDString = D47B88041BEDD58500B418B9;
			remoteInfo = GestureRecognizer;
		};
		D47B882A1BEDD58600B418B9 /* PBXContainerItemProxy */ = {
			isa = PBXContainerItemProxy;
			containerPortal = D47B87FD1BEDD58500B418B9 /* Project object */;
			proxyType = 1;
			remoteGlobalIDString = D47B88041BEDD58500B418B9;
			remoteInfo = GestureRecognizer;
		};
/* End PBXContainerItemProxy section */

/* Begin PBXFileReference section */
		D44A6A081BF0669900220B26 /* DrawRectView.h */ = {isa = PBXFileReference; fileEncoding = 4; lastKnownFileType = sourcecode.c.h; path = DrawRectView.h; sourceTree = "<group>"; };
		D44A6A091BF0669900220B26 /* DrawRectView.m */ = {isa = PBXFileReference; fileEncoding = 4; lastKnownFileType = sourcecode.c.objc; path = DrawRectView.m; sourceTree = "<group>"; };
		D44A6A111BF06EE000220B26 /* YJPoint.h */ = {isa = PBXFileReference; fileEncoding = 4; lastKnownFileType = sourcecode.c.h; path = YJPoint.h; sourceTree = "<group>"; };
		D44A6A121BF06EE000220B26 /* YJPoint.m */ = {isa = PBXFileReference; fileEncoding = 4; lastKnownFileType = sourcecode.c.objc; path = YJPoint.m; sourceTree = "<group>"; };
		D47B88051BEDD58500B418B9 /* GestureRecognizer.app */ = {isa = PBXFileReference; explicitFileType = wrapper.application; includeInIndex = 0; path = GestureRecognizer.app; sourceTree = BUILT_PRODUCTS_DIR; };
		D47B88091BEDD58500B418B9 /* main.m */ = {isa = PBXFileReference; lastKnownFileType = sourcecode.c.objc; path = main.m; sourceTree = "<group>"; };
		D47B880B1BEDD58500B418B9 /* AppDelegate.h */ = {isa = PBXFileReference; lastKnownFileType = sourcecode.c.h; path = AppDelegate.h; sourceTree = "<group>"; };
		D47B880C1BEDD58500B418B9 /* AppDelegate.m */ = {isa = PBXFileReference; lastKnownFileType = sourcecode.c.objc; path = AppDelegate.m; sourceTree = "<group>"; };
		D47B88121BEDD58500B418B9 /* Base */ = {isa = PBXFileReference; lastKnownFileType = file.storyboard; name = Base; path = Base.lproj/Main.storyboard; sourceTree = "<group>"; };
		D47B88141BEDD58500B418B9 /* Assets.xcassets */ = {isa = PBXFileReference; lastKnownFileType = folder.assetcatalog; path = Assets.xcassets; sourceTree = "<group>"; };
		D47B88171BEDD58500B418B9 /* Base */ = {isa = PBXFileReference; lastKnownFileType = file.storyboard; name = Base; path = Base.lproj/LaunchScreen.storyboard; sourceTree = "<group>"; };
		D47B88191BEDD58500B418B9 /* Info.plist */ = {isa = PBXFileReference; lastKnownFileType = text.plist.xml; path = Info.plist; sourceTree = "<group>"; };
		D47B881E1BEDD58600B418B9 /* GestureRecognizerTests.xctest */ = {isa = PBXFileReference; explicitFileType = wrapper.cfbundle; includeInIndex = 0; path = GestureRecognizerTests.xctest; sourceTree = BUILT_PRODUCTS_DIR; };
		D47B88221BEDD58600B418B9 /* GestureRecognizerTests.m */ = {isa = PBXFileReference; lastKnownFileType = sourcecode.c.objc; path = GestureRecognizerTests.m; sourceTree = "<group>"; };
		D47B88241BEDD58600B418B9 /* Info.plist */ = {isa = PBXFileReference; lastKnownFileType = text.plist.xml; path = Info.plist; sourceTree = "<group>"; };
		D47B88291BEDD58600B418B9 /* GestureRecognizerUITests.xctest */ = {isa = PBXFileReference; explicitFileType = wrapper.cfbundle; includeInIndex = 0; path = GestureRecognizerUITests.xctest; sourceTree = BUILT_PRODUCTS_DIR; };
		D47B882D1BEDD58600B418B9 /* GestureRecognizerUITests.m */ = {isa = PBXFileReference; lastKnownFileType = sourcecode.c.objc; path = GestureRecognizerUITests.m; sourceTree = "<group>"; };
		D47B882F1BEDD58600B418B9 /* Info.plist */ = {isa = PBXFileReference; lastKnownFileType = text.plist.xml; path = Info.plist; sourceTree = "<group>"; };
		D47B883E1BEEFA1500B418B9 /* BaseVC.h */ = {isa = PBXFileReference; fileEncoding = 4; lastKnownFileType = sourcecode.c.h; path = BaseVC.h; sourceTree = "<group>"; };
		D47B883F1BEEFA1500B418B9 /* BaseVC.m */ = {isa = PBXFileReference; fileEncoding = 4; lastKnownFileType = sourcecode.c.objc; path = BaseVC.m; sourceTree = "<group>"; };
		D47B88411BEEFA2400B418B9 /* AdvancedVC.h */ = {isa = PBXFileReference; fileEncoding = 4; lastKnownFileType = sourcecode.c.h; path = AdvancedVC.h; sourceTree = "<group>"; };
		D47B88421BEEFA2400B418B9 /* AdvancedVC.m */ = {isa = PBXFileReference; fileEncoding = 4; lastKnownFileType = sourcecode.c.objc; path = AdvancedVC.m; sourceTree = "<group>"; };
		D47B88441BEEFA4C00B418B9 /* SeniorVC.h */ = {isa = PBXFileReference; fileEncoding = 4; lastKnownFileType = sourcecode.c.h; path = SeniorVC.h; sourceTree = "<group>"; };
		D47B88451BEEFA4C00B418B9 /* SeniorVC.m */ = {isa = PBXFileReference; fileEncoding = 4; lastKnownFileType = sourcecode.c.objc; path = SeniorVC.m; sourceTree = "<group>"; };
/* End PBXFileReference section */

/* Begin PBXFrameworksBuildPhase section */
		D47B88021BEDD58500B418B9 /* Frameworks */ = {
			isa = PBXFrameworksBuildPhase;
			buildActionMask = 2147483647;
			files = (
			);
			runOnlyForDeploymentPostprocessing = 0;
		};
		D47B881B1BEDD58600B418B9 /* Frameworks */ = {
			isa = PBXFrameworksBuildPhase;
			buildActionMask = 2147483647;
			files = (
			);
			runOnlyForDeploymentPostprocessing = 0;
		};
		D47B88261BEDD58600B418B9 /* Frameworks */ = {
			isa = PBXFrameworksBuildPhase;
			buildActionMask = 2147483647;
			files = (
			);
			runOnlyForDeploymentPostprocessing = 0;
		};
/* End PBXFrameworksBuildPhase section */

/* Begin PBXGroup section */
		D44A6A071BF0662400220B26 /* Senior */ = {
			isa = PBXGroup;
			children = (
				D47B88441BEEFA4C00B418B9 /* SeniorVC.h */,
				D47B88451BEEFA4C00B418B9 /* SeniorVC.m */,
				D44A6A081BF0669900220B26 /* DrawRectView.h */,
				D44A6A091BF0669900220B26 /* DrawRectView.m */,
				D44A6A111BF06EE000220B26 /* YJPoint.h */,
				D44A6A121BF06EE000220B26 /* YJPoint.m */,
			);
			name = Senior;
			sourceTree = "<group>";
		};
		D47B87FC1BEDD58500B418B9 = {
			isa = PBXGroup;
			children = (
				D47B88071BEDD58500B418B9 /* GestureRecognizer */,
				D47B88211BEDD58600B418B9 /* GestureRecognizerTests */,
				D47B882C1BEDD58600B418B9 /* GestureRecognizerUITests */,
				D47B88061BEDD58500B418B9 /* Products */,
			);
			sourceTree = "<group>";
		};
		D47B88061BEDD58500B418B9 /* Products */ = {
			isa = PBXGroup;
			children = (
				D47B88051BEDD58500B418B9 /* GestureRecognizer.app */,
				D47B881E1BEDD58600B418B9 /* GestureRecognizerTests.xctest */,
				D47B88291BEDD58600B418B9 /* GestureRecognizerUITests.xctest */,
			);
			name = Products;
			sourceTree = "<group>";
		};
		D47B88071BEDD58500B418B9 /* GestureRecognizer */ = {
			isa = PBXGroup;
			children = (
				D47B880B1BEDD58500B418B9 /* AppDelegate.h */,
				D47B880C1BEDD58500B418B9 /* AppDelegate.m */,
				D47B883D1BEEF9C800B418B9 /* ViewController */,
				D47B883C1BEEF80F00B418B9 /* Resources */,
				D47B883B1BEEF69F00B418B9 /* View */,
				D47B88081BEDD58500B418B9 /* Supporting Files */,
			);
			path = GestureRecognizer;
			sourceTree = "<group>";
		};
		D47B88081BEDD58500B418B9 /* Supporting Files */ = {
			isa = PBXGroup;
			children = (
				D47B88191BEDD58500B418B9 /* Info.plist */,
				D47B88091BEDD58500B418B9 /* main.m */,
			);
			name = "Supporting Files";
			sourceTree = "<group>";
		};
		D47B88211BEDD58600B418B9 /* GestureRecognizerTests */ = {
			isa = PBXGroup;
			children = (
				D47B88221BEDD58600B418B9 /* GestureRecognizerTests.m */,
				D47B88241BEDD58600B418B9 /* Info.plist */,
			);
			path = GestureRecognizerTests;
			sourceTree = "<group>";
		};
		D47B882C1BEDD58600B418B9 /* GestureRecognizerUITests */ = {
			isa = PBXGroup;
			children = (
				D47B882D1BEDD58600B418B9 /* GestureRecognizerUITests.m */,
				D47B882F1BEDD58600B418B9 /* Info.plist */,
			);
			path = GestureRecognizerUITests;
			sourceTree = "<group>";
		};
		D47B883B1BEEF69F00B418B9 /* View */ = {
			isa = PBXGroup;
			children = (
				D47B88111BEDD58500B418B9 /* Main.storyboard */,
				D47B88161BEDD58500B418B9 /* LaunchScreen.storyboard */,
			);
			name = View;
			sourceTree = "<group>";
		};
		D47B883C1BEEF80F00B418B9 /* Resources */ = {
			isa = PBXGroup;
			children = (
				D47B88141BEDD58500B418B9 /* Assets.xcassets */,
			);
			name = Resources;
			sourceTree = "<group>";
		};
		D47B883D1BEEF9C800B418B9 /* ViewController */ = {
			isa = PBXGroup;
			children = (
				D44A6A071BF0662400220B26 /* Senior */,
				D47B883E1BEEFA1500B418B9 /* BaseVC.h */,
				D47B883F1BEEFA1500B418B9 /* BaseVC.m */,
				D47B88411BEEFA2400B418B9 /* AdvancedVC.h */,
				D47B88421BEEFA2400B418B9 /* AdvancedVC.m */,
			);
			name = ViewController;
			sourceTree = "<group>";
		};
/* End PBXGroup section */

/* Begin PBXNativeTarget section */
		D47B88041BEDD58500B418B9 /* GestureRecognizer */ = {
			isa = PBXNativeTarget;
			buildConfigurationList = D47B88321BEDD58600B418B9 /* Build configuration list for PBXNativeTarget "GestureRecognizer" */;
			buildPhases = (
				D47B88011BEDD58500B418B9 /* Sources */,
				D47B88021BEDD58500B418B9 /* Frameworks */,
				D47B88031BEDD58500B418B9 /* Resources */,
			);
			buildRules = (
			);
			dependencies = (
			);
			name = GestureRecognizer;
			productName = GestureRecognizer;
			productReference = D47B88051BEDD58500B418B9 /* GestureRecognizer.app */;
			productType = "com.apple.product-type.application";
		};
		D47B881D1BEDD58600B418B9 /* GestureRecognizerTests */ = {
			isa = PBXNativeTarget;
			buildConfigurationList = D47B88351BEDD58600B418B9 /* Build configuration list for PBXNativeTarget "GestureRecognizerTests" */;
			buildPhases = (
				D47B881A1BEDD58600B418B9 /* Sources */,
				D47B881B1BEDD58600B418B9 /* Frameworks */,
				D47B881C1BEDD58600B418B9 /* Resources */,
			);
			buildRules = (
			);
			dependencies = (
				D47B88201BEDD58600B418B9 /* PBXTargetDependency */,
			);
			name = GestureRecognizerTests;
			productName = GestureRecognizerTests;
			productReference = D47B881E1BEDD58600B418B9 /* GestureRecognizerTests.xctest */;
			productType = "com.apple.product-type.bundle.unit-test";
		};
		D47B88281BEDD58600B418B9 /* GestureRecognizerUITests */ = {
			isa = PBXNativeTarget;
			buildConfigurationList = D47B88381BEDD58600B418B9 /* Build configuration list for PBXNativeTarget "GestureRecognizerUITests" */;
			buildPhases = (
				D47B88251BEDD58600B418B9 /* Sources */,
				D47B88261BEDD58600B418B9 /* Frameworks */,
				D47B88271BEDD58600B418B9 /* Resources */,
			);
			buildRules = (
			);
			dependencies = (
				D47B882B1BEDD58600B418B9 /* PBXTargetDependency */,
			);
			name = GestureRecognizerUITests;
			productName = GestureRecognizerUITests;
			productReference = D47B88291BEDD58600B418B9 /* GestureRecognizerUITests.xctest */;
			productType = "com.apple.product-type.bundle.ui-testing";
		};
/* End PBXNativeTarget section */

/* Begin PBXProject section */
		D47B87FD1BEDD58500B418B9 /* Project object */ = {
			isa = PBXProject;
			attributes = {
				LastUpgradeCheck = 0710;
				ORGANIZATIONNAME = "阳君";
				TargetAttributes = {
					D47B88041BEDD58500B418B9 = {
						CreatedOnToolsVersion = 7.1;
					};
					D47B881D1BEDD58600B418B9 = {
						CreatedOnToolsVersion = 7.1;
						TestTargetID = D47B88041BEDD58500B418B9;
					};
					D47B88281BEDD58600B418B9 = {
						CreatedOnToolsVersion = 7.1;
						TestTargetID = D47B88041BEDD58500B418B9;
					};
				};
			};
			buildConfigurationList = D47B88001BEDD58500B418B9 /* Build configuration list for PBXProject "GestureRecognizer" */;
			compatibilityVersion = "Xcode 3.2";
			developmentRegion = English;
			hasScannedForEncodings = 0;
			knownRegions = (
				en,
				Base,
			);
			mainGroup = D47B87FC1BEDD58500B418B9;
			productRefGroup = D47B88061BEDD58500B418B9 /* Products */;
			projectDirPath = "";
			projectRoot = "";
			targets = (
				D47B88041BEDD58500B418B9 /* GestureRecognizer */,
				D47B881D1BEDD58600B418B9 /* GestureRecognizerTests */,
				D47B88281BEDD58600B418B9 /* GestureRecognizerUITests */,
			);
		};
/* End PBXProject section */

/* Begin PBXResourcesBuildPhase section */
		D47B88031BEDD58500B418B9 /* Resources */ = {
			isa = PBXResourcesBuildPhase;
			buildActionMask = 2147483647;
			files = (
				D47B88181BEDD58500B418B9 /* LaunchScreen.storyboard in Resources */,
				D47B88151BEDD58500B418B9 /* Assets.xcassets in Resources */,
				D47B88131BEDD58500B418B9 /* Main.storyboard in Resources */,
			);
			runOnlyForDeploymentPostprocessing = 0;
		};
		D47B881C1BEDD58600B418B9 /* Resources */ = {
			isa = PBXResourcesBuildPhase;
			buildActionMask = 2147483647;
			files = (
			);
			runOnlyForDeploymentPostprocessing = 0;
		};
		D47B88271BEDD58600B418B9 /* Resources */ = {
			isa = PBXResourcesBuildPhase;
			buildActionMask = 2147483647;
			files = (
			);
			runOnlyForDeploymentPostprocessing = 0;
		};
/* End PBXResourcesBuildPhase section */

/* Begin PBXSourcesBuildPhase section */
		D47B88011BEDD58500B418B9 /* Sources */ = {
			isa = PBXSourcesBuildPhase;
			buildActionMask = 2147483647;
			files = (
				D44A6A131BF06EE000220B26 /* YJPoint.m in Sources */,
				D44A6A0A1BF0669900220B26 /* DrawRectView.m in Sources */,
				D47B880D1BEDD58500B418B9 /* AppDelegate.m in Sources */,
				D47B88461BEEFA4C00B418B9 /* SeniorVC.m in Sources */,
				D47B880A1BEDD58500B418B9 /* main.m in Sources */,
				D47B88431BEEFA2400B418B9 /* AdvancedVC.m in Sources */,
				D47B88401BEEFA1500B418B9 /* BaseVC.m in Sources */,
			);
			runOnlyForDeploymentPostprocessing = 0;
		};
		D47B881A1BEDD58600B418B9 /* Sources */ = {
			isa = PBXSourcesBuildPhase;
			buildActionMask = 2147483647;
			files = (
				D47B88231BEDD58600B418B9 /* GestureRecognizerTests.m in Sources */,
			);
			runOnlyForDeploymentPostprocessing = 0;
		};
		D47B88251BEDD58600B418B9 /* Sources */ = {
			isa = PBXSourcesBuildPhase;
			buildActionMask = 2147483647;
			files = (
				D47B882E1BEDD58600B418B9 /* GestureRecognizerUITests.m in Sources */,
			);
			runOnlyForDeploymentPostprocessing = 0;
		};
/* End PBXSourcesBuildPhase section */

/* Begin PBXTargetDependency section */
		D47B88201BEDD58600B418B9 /* PBXTargetDependency */ = {
			isa = PBXTargetDependency;
			target = D47B88041BEDD58500B418B9 /* GestureRecognizer */;
			targetProxy = D47B881F1BEDD58600B418B9 /* PBXContainerItemProxy */;
		};
		D47B882B1BEDD58600B418B9 /* PBXTargetDependency */ = {
			isa = PBXTargetDependency;
			target = D47B88041BEDD58500B418B9 /* GestureRecognizer */;
			targetProxy = D47B882A1BEDD58600B418B9 /* PBXContainerItemProxy */;
		};
/* End PBXTargetDependency section */

/* Begin PBXVariantGroup section */
		D47B88111BEDD58500B418B9 /* Main.storyboard */ = {
			isa = PBXVariantGroup;
			children = (
				D47B88121BEDD58500B418B9 /* Base */,
			);
			name = Main.storyboard;
			sourceTree = "<group>";
		};
		D47B88161BEDD58500B418B9 /* LaunchScreen.storyboard */ = {
			isa = PBXVariantGroup;
			children = (
				D47B88171BEDD58500B418B9 /* Base */,
			);
			name = LaunchScreen.storyboard;
			sourceTree = "<group>";
		};
/* End PBXVariantGroup section */

/* Begin XCBuildConfiguration section */
		D47B88301BEDD58600B418B9 /* Debug */ = {
			isa = XCBuildConfiguration;
			buildSettings = {
				ALWAYS_SEARCH_USER_PATHS = NO;
				CLANG_CXX_LANGUAGE_STANDARD = "gnu++0x";
				CLANG_CXX_LIBRARY = "libc++";
				CLANG_ENABLE_MODULES = YES;
				CLANG_ENABLE_OBJC_ARC = YES;
				CLANG_WARN_BOOL_CONVERSION = YES;
				CLANG_WARN_CONSTANT_CONVERSION = YES;
				CLANG_WARN_DIRECT_OBJC_ISA_USAGE = YES_ERROR;
				CLANG_WARN_EMPTY_BODY = YES;
				CLANG_WARN_ENUM_CONVERSION = YES;
				CLANG_WARN_INT_CONVERSION = YES;
				CLANG_WARN_OBJC_ROOT_CLASS = YES_ERROR;
				CLANG_WARN_UNREACHABLE_CODE = YES;
				CLANG_WARN__DUPLICATE_METHOD_MATCH = YES;
				"CODE_SIGN_IDENTITY[sdk=iphoneos*]" = "iPhone Developer";
				COPY_PHASE_STRIP = NO;
				DEBUG_INFORMATION_FORMAT = dwarf;
				ENABLE_STRICT_OBJC_MSGSEND = YES;
				ENABLE_TESTABILITY = YES;
				GCC_C_LANGUAGE_STANDARD = gnu99;
				GCC_DYNAMIC_NO_PIC = NO;
				GCC_NO_COMMON_BLOCKS = YES;
				GCC_OPTIMIZATION_LEVEL = 0;
				GCC_PREPROCESSOR_DEFINITIONS = (
					"DEBUG=1",
					"$(inherited)",
				);
				GCC_WARN_64_TO_32_BIT_CONVERSION = YES;
				GCC_WARN_ABOUT_RETURN_TYPE = YES_ERROR;
				GCC_WARN_UNDECLARED_SELECTOR = YES;
				GCC_WARN_UNINITIALIZED_AUTOS = YES_AGGRESSIVE;
				GCC_WARN_UNUSED_FUNCTION = YES;
				GCC_WARN_UNUSED_VARIABLE = YES;
				IPHONEOS_DEPLOYMENT_TARGET = 9.1;
				MTL_ENABLE_DEBUG_INFO = YES;
				ONLY_ACTIVE_ARCH = YES;
				SDKROOT = iphoneos;
			};
			name = Debug;
		};
		D47B88311BEDD58600B418B9 /* Release */ = {
			isa = XCBuildConfiguration;
			buildSettings = {
				ALWAYS_SEARCH_USER_PATHS = NO;
				CLANG_CXX_LANGUAGE_STANDARD = "gnu++0x";
				CLANG_CXX_LIBRARY = "libc++";
				CLANG_ENABLE_MODULES = YES;
				CLANG_ENABLE_OBJC_ARC = YES;
				CLANG_WARN_BOOL_CONVERSION = YES;
				CLANG_WARN_CONSTANT_CONVERSION = YES;
				CLANG_WARN_DIRECT_OBJC_ISA_USAGE = YES_ERROR;
				CLANG_WARN_EMPTY_BODY = YES;
				CLANG_WARN_ENUM_CONVERSION = YES;
				CLANG_WARN_INT_CONVERSION = YES;
				CLANG_WARN_OBJC_ROOT_CLASS = YES_ERROR;
				CLANG_WARN_UNREACHABLE_CODE = YES;
				CLANG_WARN__DUPLICATE_METHOD_MATCH = YES;
				"CODE_SIGN_IDENTITY[sdk=iphoneos*]" = "iPhone Developer";
				COPY_PHASE_STRIP = NO;
				DEBUG_INFORMATION_FORMAT = "dwarf-with-dsym";
				ENABLE_NS_ASSERTIONS = NO;
				ENABLE_STRICT_OBJC_MSGSEND = YES;
				GCC_C_LANGUAGE_STANDARD = gnu99;
				GCC_NO_COMMON_BLOCKS = YES;
				GCC_WARN_64_TO_32_BIT_CONVERSION = YES;
				GCC_WARN_ABOUT_RETURN_TYPE = YES_ERROR;
				GCC_WARN_UNDECLARED_SELECTOR = YES;
				GCC_WARN_UNINITIALIZED_AUTOS = YES_AGGRESSIVE;
				GCC_WARN_UNUSED_FUNCTION = YES;
				GCC_WARN_UNUSED_VARIABLE = YES;
				IPHONEOS_DEPLOYMENT_TARGET = 9.1;
				MTL_ENABLE_DEBUG_INFO = NO;
				SDKROOT = iphoneos;
				VALIDATE_PRODUCT = YES;
			};
			name = Release;
		};
		D47B88331BEDD58600B418B9 /* Debug */ = {
			isa = XCBuildConfiguration;
			buildSettings = {
				ASSETCATALOG_COMPILER_APPICON_NAME = AppIcon;
				INFOPLIST_FILE = GestureRecognizer/Info.plist;
				LD_RUNPATH_SEARCH_PATHS = "$(inherited) @executable_path/Frameworks";
				PRODUCT_BUNDLE_IDENTIFIER = com.GestureRecognizer;
				PRODUCT_NAME = "$(TARGET_NAME)";
			};
			name = Debug;
		};
		D47B88341BEDD58600B418B9 /* Release */ = {
			isa = XCBuildConfiguration;
			buildSettings = {
				ASSETCATALOG_COMPILER_APPICON_NAME = AppIcon;
				INFOPLIST_FILE = GestureRecognizer/Info.plist;
				LD_RUNPATH_SEARCH_PATHS = "$(inherited) @executable_path/Frameworks";
				PRODUCT_BUNDLE_IDENTIFIER = com.GestureRecognizer;
				PRODUCT_NAME = "$(TARGET_NAME)";
			};
			name = Release;
		};
		D47B88361BEDD58600B418B9 /* Debug */ = {
			isa = XCBuildConfiguration;
			buildSettings = {
				BUNDLE_LOADER = "$(TEST_HOST)";
				INFOPLIST_FILE = GestureRecognizerTests/Info.plist;
				LD_RUNPATH_SEARCH_PATHS = "$(inherited) @executable_path/Frameworks @loader_path/Frameworks";
				PRODUCT_BUNDLE_IDENTIFIER = com.GestureRecognizerTests;
				PRODUCT_NAME = "$(TARGET_NAME)";
				TEST_HOST = "$(BUILT_PRODUCTS_DIR)/GestureRecognizer.app/GestureRecognizer";
			};
			name = Debug;
		};
		D47B88371BEDD58600B418B9 /* Release */ = {
			isa = XCBuildConfiguration;
			buildSettings = {
				BUNDLE_LOADER = "$(TEST_HOST)";
				INFOPLIST_FILE = GestureRecognizerTests/Info.plist;
				LD_RUNPATH_SEARCH_PATHS = "$(inherited) @executable_path/Frameworks @loader_path/Frameworks";
				PRODUCT_BUNDLE_IDENTIFIER = com.GestureRecognizerTests;
				PRODUCT_NAME = "$(TARGET_NAME)";
				TEST_HOST = "$(BUILT_PRODUCTS_DIR)/GestureRecognizer.app/GestureRecognizer";
			};
			name = Release;
		};
		D47B88391BEDD58600B418B9 /* Debug */ = {
			isa = XCBuildConfiguration;
			buildSettings = {
				INFOPLIST_FILE = GestureRecognizerUITests/Info.plist;
				LD_RUNPATH_SEARCH_PATHS = "$(inherited) @executable_path/Frameworks @loader_path/Frameworks";
				PRODUCT_BUNDLE_IDENTIFIER = com.GestureRecognizerUITests;
				PRODUCT_NAME = "$(TARGET_NAME)";
				TEST_TARGET_NAME = GestureRecognizer;
				USES_XCTRUNNER = YES;
			};
			name = Debug;
		};
		D47B883A1BEDD58600B418B9 /* Release */ = {
			isa = XCBuildConfiguration;
			buildSettings = {
				INFOPLIST_FILE = GestureRecognizerUITests/Info.plist;
				LD_RUNPATH_SEARCH_PATHS = "$(inherited) @executable_path/Frameworks @loader_path/Frameworks";
				PRODUCT_BUNDLE_IDENTIFIER = com.GestureRecognizerUITests;
				PRODUCT_NAME = "$(TARGET_NAME)";
				TEST_TARGET_NAME = GestureRecognizer;
				USES_XCTRUNNER = YES;
			};
			name = Release;
		};
/* End XCBuildConfiguration section */

/* Begin XCConfigurationList section */
		D47B88001BEDD58500B418B9 /* Build configuration list for PBXProject "GestureRecognizer" */ = {
			isa = XCConfigurationList;
			buildConfigurations = (
				D47B88301BEDD58600B418B9 /* Debug */,
				D47B88311BEDD58600B418B9 /* Release */,
			);
			defaultConfigurationIsVisible = 0;
			defaultConfigurationName = Release;
		};
		D47B88321BEDD58600B418B9 /* Build configuration list for PBXNativeTarget "GestureRecognizer" */ = {
			isa = XCConfigurationList;
			buildConfigurations = (
				D47B88331BEDD58600B418B9 /* Debug */,
				D47B88341BEDD58600B418B9 /* Release */,
			);
			defaultConfigurationIsVisible = 0;
			defaultConfigurationName = Release;
		};
		D47B88351BEDD58600B418B9 /* Build configuration list for PBXNativeTarget "GestureRecognizerTests" */ = {
			isa = XCConfigurationList;
			buildConfigurations = (
				D47B88361BEDD58600B418B9 /* Debug */,
				D47B88371BEDD58600B418B9 /* Release */,
			);
			defaultConfigurationIsVisible = 0;
			defaultConfigurationName = Release;
		};
		D47B88381BEDD58600B418B9 /* Build configuration list for PBXNativeTarget "GestureRecognizerUITests" */ = {
			isa = XCConfigurationList;
			buildConfigurations = (
				D47B88391BEDD58600B418B9 /* Debug */,
				D47B883A1BEDD58600B418B9 /* Release */,
			);
			defaultConfigurationIsVisible = 0;
			defaultConfigurationName = Release;
		};
/* End XCConfigurationList section */
	};
	rootObject = D47B87FD1BEDD58500B418B9 /* Project object */;
}
