// !$*UTF8*$!
{
	archiveVersion = 1;
	classes = {
	};
	objectVersion = 46;
	objects = {

/* Begin PBXBuildFile section */
		D4121C2A1BC7B073000C680C /* main.m in Sources */ = {isa = PBXBuildFile; fileRef = D4121C291BC7B073000C680C /* main.m */; };
		D4121C2D1BC7B073000C680C /* AppDelegate.m in Sources */ = {isa = PBXBuildFile; fileRef = D4121C2C1BC7B073000C680C /* AppDelegate.m */; };
		D4121C301BC7B073000C680C /* ViewController.m in Sources */ = {isa = PBXBuildFile; fileRef = D4121C2F1BC7B073000C680C /* ViewController.m */; };
		D4121C331BC7B073000C680C /* Main.storyboard in Resources */ = {isa = PBXBuildFile; fileRef = D4121C311BC7B073000C680C /* Main.storyboard */; };
		D4121C351BC7B073000C680C /* Assets.xcassets in Resources */ = {isa = PBXBuildFile; fileRef = D4121C341BC7B073000C680C /* Assets.xcassets */; };
		D4121C381BC7B073000C680C /* LaunchScreen.storyboard in Resources */ = {isa = PBXBuildFile; fileRef = D4121C361BC7B073000C680C /* LaunchScreen.storyboard */; };
		D4121C4E1BC7B074000C680C /* JSON__UITests.m in Sources */ = {isa = PBXBuildFile; fileRef = D4121C4D1BC7B074000C680C /* JSON__UITests.m */; };
		D4121C5C1BC7B08A000C680C /* JSONTests.m in Sources */ = {isa = PBXBuildFile; fileRef = D4121C5B1BC7B08A000C680C /* JSONTests.m */; settings = {ASSET_TAGS = (); }; };
/* End PBXBuildFile section */

/* Begin PBXContainerItemProxy section */
		D4121C3F1BC7B074000C680C /* PBXContainerItemProxy */ = {
			isa = PBXContainerItemProxy;
			containerPortal = D4121C1D1BC7B073000C680C /* Project object */;
			proxyType = 1;
			remoteGlobalIDString = D4121C241BC7B073000C680C;
			remoteInfo = "JSON解析";
		};
		D4121C4A1BC7B074000C680C /* PBXContainerItemProxy */ = {
			isa = PBXContainerItemProxy;
			containerPortal = D4121C1D1BC7B073000C680C /* Project object */;
			proxyType = 1;
			remoteGlobalIDString = D4121C241BC7B073000C680C;
			remoteInfo = "JSON解析";
		};
/* End PBXContainerItemProxy section */

/* Begin PBXFileReference section */
		D4121C251BC7B073000C680C /* JSON解析.app */ = {isa = PBXFileReference; explicitFileType = wrapper.application; includeInIndex = 0; path = "JSON解析.app"; sourceTree = BUILT_PRODUCTS_DIR; };
		D4121C291BC7B073000C680C /* main.m */ = {isa = PBXFileReference; lastKnownFileType = sourcecode.c.objc; path = main.m; sourceTree = "<group>"; };
		D4121C2B1BC7B073000C680C /* AppDelegate.h */ = {isa = PBXFileReference; lastKnownFileType = sourcecode.c.h; path = AppDelegate.h; sourceTree = "<group>"; };
		D4121C2C1BC7B073000C680C /* AppDelegate.m */ = {isa = PBXFileReference; lastKnownFileType = sourcecode.c.objc; path = AppDelegate.m; sourceTree = "<group>"; };
		D4121C2E1BC7B073000C680C /* ViewController.h */ = {isa = PBXFileReference; lastKnownFileType = sourcecode.c.h; path = ViewController.h; sourceTree = "<group>"; };
		D4121C2F1BC7B073000C680C /* ViewController.m */ = {isa = PBXFileReference; lastKnownFileType = sourcecode.c.objc; path = ViewController.m; sourceTree = "<group>"; };
		D4121C321BC7B073000C680C /* Base */ = {isa = PBXFileReference; lastKnownFileType = file.storyboard; name = Base; path = Base.lproj/Main.storyboard; sourceTree = "<group>"; };
		D4121C341BC7B073000C680C /* Assets.xcassets */ = {isa = PBXFileReference; lastKnownFileType = folder.assetcatalog; path = Assets.xcassets; sourceTree = "<group>"; };
		D4121C371BC7B073000C680C /* Base */ = {isa = PBXFileReference; lastKnownFileType = file.storyboard; name = Base; path = Base.lproj/LaunchScreen.storyboard; sourceTree = "<group>"; };
		D4121C391BC7B073000C680C /* Info.plist */ = {isa = PBXFileReference; lastKnownFileType = text.plist.xml; path = Info.plist; sourceTree = "<group>"; };
		D4121C3E1BC7B074000C680C /* JSON解析Tests.xctest */ = {isa = PBXFileReference; explicitFileType = wrapper.cfbundle; includeInIndex = 0; path = "JSON解析Tests.xctest"; sourceTree = BUILT_PRODUCTS_DIR; };
		D4121C441BC7B074000C680C /* Info.plist */ = {isa = PBXFileReference; lastKnownFileType = text.plist.xml; path = Info.plist; sourceTree = "<group>"; };
		D4121C491BC7B074000C680C /* JSON解析UITests.xctest */ = {isa = PBXFileReference; explicitFileType = wrapper.cfbundle; includeInIndex = 0; path = "JSON解析UITests.xctest"; sourceTree = BUILT_PRODUCTS_DIR; };
		D4121C4D1BC7B074000C680C /* JSON__UITests.m */ = {isa = PBXFileReference; lastKnownFileType = sourcecode.c.objc; path = JSON__UITests.m; sourceTree = "<group>"; };
		D4121C4F1BC7B074000C680C /* Info.plist */ = {isa = PBXFileReference; lastKnownFileType = text.plist.xml; path = Info.plist; sourceTree = "<group>"; };
		D4121C5B1BC7B08A000C680C /* JSONTests.m */ = {isa = PBXFileReference; fileEncoding = 4; lastKnownFileType = sourcecode.c.objc; path = JSONTests.m; sourceTree = "<group>"; };
/* End PBXFileReference section */

/* Begin PBXFrameworksBuildPhase section */
		D4121C221BC7B073000C680C /* Frameworks */ = {
			isa = PBXFrameworksBuildPhase;
			buildActionMask = 2147483647;
			files = (
			);
			runOnlyForDeploymentPostprocessing = 0;
		};
		D4121C3B1BC7B074000C680C /* Frameworks */ = {
			isa = PBXFrameworksBuildPhase;
			buildActionMask = 2147483647;
			files = (
			);
			runOnlyForDeploymentPostprocessing = 0;
		};
		D4121C461BC7B074000C680C /* Frameworks */ = {
			isa = PBXFrameworksBuildPhase;
			buildActionMask = 2147483647;
			files = (
			);
			runOnlyForDeploymentPostprocessing = 0;
		};
/* End PBXFrameworksBuildPhase section */

/* Begin PBXGroup section */
		D4121C1C1BC7B073000C680C = {
			isa = PBXGroup;
			children = (
				D4121C271BC7B073000C680C /* JSON解析 */,
				D4121C411BC7B074000C680C /* JSON解析Tests */,
				D4121C4C1BC7B074000C680C /* JSON解析UITests */,
				D4121C261BC7B073000C680C /* Products */,
			);
			sourceTree = "<group>";
		};
		D4121C261BC7B073000C680C /* Products */ = {
			isa = PBXGroup;
			children = (
				D4121C251BC7B073000C680C /* JSON解析.app */,
				D4121C3E1BC7B074000C680C /* JSON解析Tests.xctest */,
				D4121C491BC7B074000C680C /* JSON解析UITests.xctest */,
			);
			name = Products;
			sourceTree = "<group>";
		};
		D4121C271BC7B073000C680C /* JSON解析 */ = {
			isa = PBXGroup;
			children = (
				D4121C2B1BC7B073000C680C /* AppDelegate.h */,
				D4121C2C1BC7B073000C680C /* AppDelegate.m */,
				D4121C2E1BC7B073000C680C /* ViewController.h */,
				D4121C2F1BC7B073000C680C /* ViewController.m */,
				D4121C311BC7B073000C680C /* Main.storyboard */,
				D4121C341BC7B073000C680C /* Assets.xcassets */,
				D4121C361BC7B073000C680C /* LaunchScreen.storyboard */,
				D4121C391BC7B073000C680C /* Info.plist */,
				D4121C281BC7B073000C680C /* Supporting Files */,
			);
			path = "JSON解析";
			sourceTree = "<group>";
		};
		D4121C281BC7B073000C680C /* Supporting Files */ = {
			isa = PBXGroup;
			children = (
				D4121C291BC7B073000C680C /* main.m */,
			);
			name = "Supporting Files";
			sourceTree = "<group>";
		};
		D4121C411BC7B074000C680C /* JSON解析Tests */ = {
			isa = PBXGroup;
			children = (
				D4121C441BC7B074000C680C /* Info.plist */,
				D4121C5B1BC7B08A000C680C /* JSONTests.m */,
			);
			path = "JSON解析Tests";
			sourceTree = "<group>";
		};
		D4121C4C1BC7B074000C680C /* JSON解析UITests */ = {
			isa = PBXGroup;
			children = (
				D4121C4D1BC7B074000C680C /* JSON__UITests.m */,
				D4121C4F1BC7B074000C680C /* Info.plist */,
			);
			path = "JSON解析UITests";
			sourceTree = "<group>";
		};
/* End PBXGroup section */

/* Begin PBXNativeTarget section */
		D4121C241BC7B073000C680C /* JSON解析 */ = {
			isa = PBXNativeTarget;
			buildConfigurationList = D4121C521BC7B074000C680C /* Build configuration list for PBXNativeTarget "JSON解析" */;
			buildPhases = (
				D4121C211BC7B073000C680C /* Sources */,
				D4121C221BC7B073000C680C /* Frameworks */,
				D4121C231BC7B073000C680C /* Resources */,
			);
			buildRules = (
			);
			dependencies = (
			);
			name = "JSON解析";
			productName = "JSON解析";
			productReference = D4121C251BC7B073000C680C /* JSON解析.app */;
			productType = "com.apple.product-type.application";
		};
		D4121C3D1BC7B074000C680C /* JSON解析Tests */ = {
			isa = PBXNativeTarget;
			buildConfigurationList = D4121C551BC7B074000C680C /* Build configuration list for PBXNativeTarget "JSON解析Tests" */;
			buildPhases = (
				D4121C3A1BC7B074000C680C /* Sources */,
				D4121C3B1BC7B074000C680C /* Frameworks */,
				D4121C3C1BC7B074000C680C /* Resources */,
			);
			buildRules = (
			);
			dependencies = (
				D4121C401BC7B074000C680C /* PBXTargetDependency */,
			);
			name = "JSON解析Tests";
			productName = "JSON解析Tests";
			productReference = D4121C3E1BC7B074000C680C /* JSON解析Tests.xctest */;
			productType = "com.apple.product-type.bundle.unit-test";
		};
		D4121C481BC7B074000C680C /* JSON解析UITests */ = {
			isa = PBXNativeTarget;
			buildConfigurationList = D4121C581BC7B074000C680C /* Build configuration list for PBXNativeTarget "JSON解析UITests" */;
			buildPhases = (
				D4121C451BC7B074000C680C /* Sources */,
				D4121C461BC7B074000C680C /* Frameworks */,
				D4121C471BC7B074000C680C /* Resources */,
			);
			buildRules = (
			);
			dependencies = (
				D4121C4B1BC7B074000C680C /* PBXTargetDependency */,
			);
			name = "JSON解析UITests";
			productName = "JSON解析UITests";
			productReference = D4121C491BC7B074000C680C /* JSON解析UITests.xctest */;
			productType = "com.apple.product-type.bundle.ui-testing";
		};
/* End PBXNativeTarget section */

/* Begin PBXProject section */
		D4121C1D1BC7B073000C680C /* Project object */ = {
			isa = PBXProject;
			attributes = {
				LastUpgradeCheck = 0700;
				ORGANIZATIONNAME = "六月";
				TargetAttributes = {
					D4121C241BC7B073000C680C = {
						CreatedOnToolsVersion = 7.0.1;
					};
					D4121C3D1BC7B074000C680C = {
						CreatedOnToolsVersion = 7.0.1;
						TestTargetID = D4121C241BC7B073000C680C;
					};
					D4121C481BC7B074000C680C = {
						CreatedOnToolsVersion = 7.0.1;
						TestTargetID = D4121C241BC7B073000C680C;
					};
				};
			};
			buildConfigurationList = D4121C201BC7B073000C680C /* Build configuration list for PBXProject "JSON解析" */;
			compatibilityVersion = "Xcode 3.2";
			developmentRegion = English;
			hasScannedForEncodings = 0;
			knownRegions = (
				en,
				Base,
			);
			mainGroup = D4121C1C1BC7B073000C680C;
			productRefGroup = D4121C261BC7B073000C680C /* Products */;
			projectDirPath = "";
			projectRoot = "";
			targets = (
				D4121C241BC7B073000C680C /* JSON解析 */,
				D4121C3D1BC7B074000C680C /* JSON解析Tests */,
				D4121C481BC7B074000C680C /* JSON解析UITests */,
			);
		};
/* End PBXProject section */

/* Begin PBXResourcesBuildPhase section */
		D4121C231BC7B073000C680C /* Resources */ = {
			isa = PBXResourcesBuildPhase;
			buildActionMask = 2147483647;
			files = (
				D4121C381BC7B073000C680C /* LaunchScreen.storyboard in Resources */,
				D4121C351BC7B073000C680C /* Assets.xcassets in Resources */,
				D4121C331BC7B073000C680C /* Main.storyboard in Resources */,
			);
			runOnlyForDeploymentPostprocessing = 0;
		};
		D4121C3C1BC7B074000C680C /* Resources */ = {
			isa = PBXResourcesBuildPhase;
			buildActionMask = 2147483647;
			files = (
			);
			runOnlyForDeploymentPostprocessing = 0;
		};
		D4121C471BC7B074000C680C /* Resources */ = {
			isa = PBXResourcesBuildPhase;
			buildActionMask = 2147483647;
			files = (
			);
			runOnlyForDeploymentPostprocessing = 0;
		};
/* End PBXResourcesBuildPhase section */

/* Begin PBXSourcesBuildPhase section */
		D4121C211BC7B073000C680C /* Sources */ = {
			isa = PBXSourcesBuildPhase;
			buildActionMask = 2147483647;
			files = (
				D4121C301BC7B073000C680C /* ViewController.m in Sources */,
				D4121C2D1BC7B073000C680C /* AppDelegate.m in Sources */,
				D4121C2A1BC7B073000C680C /* main.m in Sources */,
			);
			runOnlyForDeploymentPostprocessing = 0;
		};
		D4121C3A1BC7B074000C680C /* Sources */ = {
			isa = PBXSourcesBuildPhase;
			buildActionMask = 2147483647;
			files = (
				D4121C5C1BC7B08A000C680C /* JSONTests.m in Sources */,
			);
			runOnlyForDeploymentPostprocessing = 0;
		};
		D4121C451BC7B074000C680C /* Sources */ = {
			isa = PBXSourcesBuildPhase;
			buildActionMask = 2147483647;
			files = (
				D4121C4E1BC7B074000C680C /* JSON__UITests.m in Sources */,
			);
			runOnlyForDeploymentPostprocessing = 0;
		};
/* End PBXSourcesBuildPhase section */

/* Begin PBXTargetDependency section */
		D4121C401BC7B074000C680C /* PBXTargetDependency */ = {
			isa = PBXTargetDependency;
			target = D4121C241BC7B073000C680C /* JSON解析 */;
			targetProxy = D4121C3F1BC7B074000C680C /* PBXContainerItemProxy */;
		};
		D4121C4B1BC7B074000C680C /* PBXTargetDependency */ = {
			isa = PBXTargetDependency;
			target = D4121C241BC7B073000C680C /* JSON解析 */;
			targetProxy = D4121C4A1BC7B074000C680C /* PBXContainerItemProxy */;
		};
/* End PBXTargetDependency section */

/* Begin PBXVariantGroup section */
		D4121C311BC7B073000C680C /* Main.storyboard */ = {
			isa = PBXVariantGroup;
			children = (
				D4121C321BC7B073000C680C /* Base */,
			);
			name = Main.storyboard;
			sourceTree = "<group>";
		};
		D4121C361BC7B073000C680C /* LaunchScreen.storyboard */ = {
			isa = PBXVariantGroup;
			children = (
				D4121C371BC7B073000C680C /* Base */,
			);
			name = LaunchScreen.storyboard;
			sourceTree = "<group>";
		};
/* End PBXVariantGroup section */

/* Begin XCBuildConfiguration section */
		D4121C501BC7B074000C680C /* Debug */ = {
			isa = XCBuildConfiguration;
			buildSettings = {
				ALWAYS_SEARCH_USER_PATHS = NO;
				CLANG_CXX_LANGUAGE_STANDARD = "gnu++0x";
				CLANG_CXX_LIBRARY = "libc++";
				CLANG_ENABLE_MODULES = YES;
				CLANG_ENABLE_OBJC_ARC = YES;
				CLANG_WARN_BOOL_CONVERSION = YES;
				CLANG_WARN_CONSTANT_CONVERSION = YES;
				CLANG_WARN_DIRECT_OBJC_ISA_USAGE = YES_ERROR;
				CLANG_WARN_EMPTY_BODY = YES;
				CLANG_WARN_ENUM_CONVERSION = YES;
				CLANG_WARN_INT_CONVERSION = YES;
				CLANG_WARN_OBJC_ROOT_CLASS = YES_ERROR;
				CLANG_WARN_UNREACHABLE_CODE = YES;
				CLANG_WARN__DUPLICATE_METHOD_MATCH = YES;
				"CODE_SIGN_IDENTITY[sdk=iphoneos*]" = "iPhone Developer";
				COPY_PHASE_STRIP = NO;
				DEBUG_INFORMATION_FORMAT = dwarf;
				ENABLE_STRICT_OBJC_MSGSEND = YES;
				ENABLE_TESTABILITY = YES;
				GCC_C_LANGUAGE_STANDARD = gnu99;
				GCC_DYNAMIC_NO_PIC = NO;
				GCC_NO_COMMON_BLOCKS = YES;
				GCC_OPTIMIZATION_LEVEL = 0;
				GCC_PREPROCESSOR_DEFINITIONS = (
					"DEBUG=1",
					"$(inherited)",
				);
				GCC_WARN_64_TO_32_BIT_CONVERSION = YES;
				GCC_WARN_ABOUT_RETURN_TYPE = YES_ERROR;
				GCC_WARN_UNDECLARED_SELECTOR = YES;
				GCC_WARN_UNINITIALIZED_AUTOS = YES_AGGRESSIVE;
				GCC_WARN_UNUSED_FUNCTION = YES;
				GCC_WARN_UNUSED_VARIABLE = YES;
				IPHONEOS_DEPLOYMENT_TARGET = 9.0;
				MTL_ENABLE_DEBUG_INFO = YES;
				ONLY_ACTIVE_ARCH = YES;
				SDKROOT = iphoneos;
			};
			name = Debug;
		};
		D4121C511BC7B074000C680C /* Release */ = {
			isa = XCBuildConfiguration;
			buildSettings = {
				ALWAYS_SEARCH_USER_PATHS = NO;
				CLANG_CXX_LANGUAGE_STANDARD = "gnu++0x";
				CLANG_CXX_LIBRARY = "libc++";
				CLANG_ENABLE_MODULES = YES;
				CLANG_ENABLE_OBJC_ARC = YES;
				CLANG_WARN_BOOL_CONVERSION = YES;
				CLANG_WARN_CONSTANT_CONVERSION = YES;
				CLANG_WARN_DIRECT_OBJC_ISA_USAGE = YES_ERROR;
				CLANG_WARN_EMPTY_BODY = YES;
				CLANG_WARN_ENUM_CONVERSION = YES;
				CLANG_WARN_INT_CONVERSION = YES;
				CLANG_WARN_OBJC_ROOT_CLASS = YES_ERROR;
				CLANG_WARN_UNREACHABLE_CODE = YES;
				CLANG_WARN__DUPLICATE_METHOD_MATCH = YES;
				"CODE_SIGN_IDENTITY[sdk=iphoneos*]" = "iPhone Developer";
				COPY_PHASE_STRIP = NO;
				DEBUG_INFORMATION_FORMAT = "dwarf-with-dsym";
				ENABLE_NS_ASSERTIONS = NO;
				ENABLE_STRICT_OBJC_MSGSEND = YES;
				GCC_C_LANGUAGE_STANDARD = gnu99;
				GCC_NO_COMMON_BLOCKS = YES;
				GCC_WARN_64_TO_32_BIT_CONVERSION = YES;
				GCC_WARN_ABOUT_RETURN_TYPE = YES_ERROR;
				GCC_WARN_UNDECLARED_SELECTOR = YES;
				GCC_WARN_UNINITIALIZED_AUTOS = YES_AGGRESSIVE;
				GCC_WARN_UNUSED_FUNCTION = YES;
				GCC_WARN_UNUSED_VARIABLE = YES;
				IPHONEOS_DEPLOYMENT_TARGET = 9.0;
				MTL_ENABLE_DEBUG_INFO = NO;
				SDKROOT = iphoneos;
				VALIDATE_PRODUCT = YES;
			};
			name = Release;
		};
		D4121C531BC7B074000C680C /* Debug */ = {
			isa = XCBuildConfiguration;
			buildSettings = {
				ASSETCATALOG_COMPILER_APPICON_NAME = AppIcon;
				INFOPLIST_FILE = "JSON解析/Info.plist";
				LD_RUNPATH_SEARCH_PATHS = "$(inherited) @executable_path/Frameworks";
				PRODUCT_BUNDLE_IDENTIFIER = "com.JSON--";
				PRODUCT_NAME = "$(TARGET_NAME)";
			};
			name = Debug;
		};
		D4121C541BC7B074000C680C /* Release */ = {
			isa = XCBuildConfiguration;
			buildSettings = {
				ASSETCATALOG_COMPILER_APPICON_NAME = AppIcon;
				INFOPLIST_FILE = "JSON解析/Info.plist";
				LD_RUNPATH_SEARCH_PATHS = "$(inherited) @executable_path/Frameworks";
				PRODUCT_BUNDLE_IDENTIFIER = "com.JSON--";
				PRODUCT_NAME = "$(TARGET_NAME)";
			};
			name = Release;
		};
		D4121C561BC7B074000C680C /* Debug */ = {
			isa = XCBuildConfiguration;
			buildSettings = {
				BUNDLE_LOADER = "$(TEST_HOST)";
				INFOPLIST_FILE = "JSON解析Tests/Info.plist";
				LD_RUNPATH_SEARCH_PATHS = "$(inherited) @executable_path/Frameworks @loader_path/Frameworks";
				PRODUCT_BUNDLE_IDENTIFIER = "com.JSON--Tests";
				PRODUCT_NAME = "$(TARGET_NAME)";
				TEST_HOST = "$(BUILT_PRODUCTS_DIR)/JSON解析.app/JSON解析";
			};
			name = Debug;
		};
		D4121C571BC7B074000C680C /* Release */ = {
			isa = XCBuildConfiguration;
			buildSettings = {
				BUNDLE_LOADER = "$(TEST_HOST)";
				INFOPLIST_FILE = "JSON解析Tests/Info.plist";
				LD_RUNPATH_SEARCH_PATHS = "$(inherited) @executable_path/Frameworks @loader_path/Frameworks";
				PRODUCT_BUNDLE_IDENTIFIER = "com.JSON--Tests";
				PRODUCT_NAME = "$(TARGET_NAME)";
				TEST_HOST = "$(BUILT_PRODUCTS_DIR)/JSON解析.app/JSON解析";
			};
			name = Release;
		};
		D4121C591BC7B074000C680C /* Debug */ = {
			isa = XCBuildConfiguration;
			buildSettings = {
				INFOPLIST_FILE = "JSON解析UITests/Info.plist";
				LD_RUNPATH_SEARCH_PATHS = "$(inherited) @executable_path/Frameworks @loader_path/Frameworks";
				PRODUCT_BUNDLE_IDENTIFIER = "com.JSON--UITests";
				PRODUCT_NAME = "$(TARGET_NAME)";
				TEST_TARGET_NAME = "JSON解析";
				USES_XCTRUNNER = YES;
			};
			name = Debug;
		};
		D4121C5A1BC7B074000C680C /* Release */ = {
			isa = XCBuildConfiguration;
			buildSettings = {
				INFOPLIST_FILE = "JSON解析UITests/Info.plist";
				LD_RUNPATH_SEARCH_PATHS = "$(inherited) @executable_path/Frameworks @loader_path/Frameworks";
				PRODUCT_BUNDLE_IDENTIFIER = "com.JSON--UITests";
				PRODUCT_NAME = "$(TARGET_NAME)";
				TEST_TARGET_NAME = "JSON解析";
				USES_XCTRUNNER = YES;
			};
			name = Release;
		};
/* End XCBuildConfiguration section */

/* Begin XCConfigurationList section */
		D4121C201BC7B073000C680C /* Build configuration list for PBXProject "JSON解析" */ = {
			isa = XCConfigurationList;
			buildConfigurations = (
				D4121C501BC7B074000C680C /* Debug */,
				D4121C511BC7B074000C680C /* Release */,
			);
			defaultConfigurationIsVisible = 0;
			defaultConfigurationName = Release;
		};
		D4121C521BC7B074000C680C /* Build configuration list for PBXNativeTarget "JSON解析" */ = {
			isa = XCConfigurationList;
			buildConfigurations = (
				D4121C531BC7B074000C680C /* Debug */,
				D4121C541BC7B074000C680C /* Release */,
			);
			defaultConfigurationIsVisible = 0;
		};
		D4121C551BC7B074000C680C /* Build configuration list for PBXNativeTarget "JSON解析Tests" */ = {
			isa = XCConfigurationList;
			buildConfigurations = (
				D4121C561BC7B074000C680C /* Debug */,
				D4121C571BC7B074000C680C /* Release */,
			);
			defaultConfigurationIsVisible = 0;
		};
		D4121C581BC7B074000C680C /* Build configuration list for PBXNativeTarget "JSON解析UITests" */ = {
			isa = XCConfigurationList;
			buildConfigurations = (
				D4121C591BC7B074000C680C /* Debug */,
				D4121C5A1BC7B074000C680C /* Release */,
			);
			defaultConfigurationIsVisible = 0;
		};
/* End XCConfigurationList section */
	};
	rootObject = D4121C1D1BC7B073000C680C /* Project object */;
}
