// !$*UTF8*$!
{
	archiveVersion = 1;
	classes = {
	};
	objectVersion = 46;
	objects = {

/* Begin PBXBuildFile section */
		D4121EF31BCCF621000C680C /* main.m in Sources */ = {isa = PBXBuildFile; fileRef = D4121EF21BCCF621000C680C /* main.m */; };
		D4121EF61BCCF621000C680C /* AppDelegate.m in Sources */ = {isa = PBXBuildFile; fileRef = D4121EF51BCCF621000C680C /* AppDelegate.m */; };
		D4121EF91BCCF621000C680C /* ViewController.m in Sources */ = {isa = PBXBuildFile; fileRef = D4121EF81BCCF621000C680C /* ViewController.m */; };
		D4121EFC1BCCF621000C680C /* Main.storyboard in Resources */ = {isa = PBXBuildFile; fileRef = D4121EFA1BCCF621000C680C /* Main.storyboard */; };
		D4121EFE1BCCF621000C680C /* Assets.xcassets in Resources */ = {isa = PBXBuildFile; fileRef = D4121EFD1BCCF621000C680C /* Assets.xcassets */; };
		D4121F011BCCF621000C680C /* LaunchScreen.storyboard in Resources */ = {isa = PBXBuildFile; fileRef = D4121EFF1BCCF621000C680C /* LaunchScreen.storyboard */; };
		D4121F0C1BCCF621000C680C /* CommonDataTypeTests.m in Sources */ = {isa = PBXBuildFile; fileRef = D4121F0B1BCCF621000C680C /* CommonDataTypeTests.m */; };
		D4121F171BCCF621000C680C /* CommonDataTypeUITests.m in Sources */ = {isa = PBXBuildFile; fileRef = D4121F161BCCF621000C680C /* CommonDataTypeUITests.m */; };
		D4121F271BCCF673000C680C /* Dictionary.m in Sources */ = {isa = PBXBuildFile; fileRef = D4121F261BCCF673000C680C /* Dictionary.m */; };
		D4121F2A1BCD23C6000C680C /* MutableDictionary.m in Sources */ = {isa = PBXBuildFile; fileRef = D4121F291BCD23C6000C680C /* MutableDictionary.m */; };
		D4121F2E1BCE1B79000C680C /* Array.m in Sources */ = {isa = PBXBuildFile; fileRef = D4121F2D1BCE1B79000C680C /* Array.m */; };
		D4121F341BCE35D1000C680C /* Users+Category.m in Sources */ = {isa = PBXBuildFile; fileRef = D4121F311BCE35D1000C680C /* Users+Category.m */; };
		D4121F351BCE35D1000C680C /* Users.m in Sources */ = {isa = PBXBuildFile; fileRef = D4121F331BCE35D1000C680C /* Users.m */; };
		D4121F381BCE62BC000C680C /* MutableArray.m in Sources */ = {isa = PBXBuildFile; fileRef = D4121F371BCE62BC000C680C /* MutableArray.m */; };
		D4121F3B1BCF6F06000C680C /* Date.m in Sources */ = {isa = PBXBuildFile; fileRef = D4121F3A1BCF6F06000C680C /* Date.m */; };
		D42C2D081BD498B000DBA881 /* DateComponents.m in Sources */ = {isa = PBXBuildFile; fileRef = D42C2D071BD498B000DBA881 /* DateComponents.m */; };
		D42C2D0B1BD4BF7000DBA881 /* String.m in Sources */ = {isa = PBXBuildFile; fileRef = D42C2D0A1BD4BF7000DBA881 /* String.m */; };
		D42C2D0E1BD7281400DBA881 /* MutableString.m in Sources */ = {isa = PBXBuildFile; fileRef = D42C2D0D1BD7281400DBA881 /* MutableString.m */; };
		D42C2D111BD7344700DBA881 /* Set.m in Sources */ = {isa = PBXBuildFile; fileRef = D42C2D101BD7344700DBA881 /* Set.m */; };
		D42C2D141BD75F3800DBA881 /* MutableSet.m in Sources */ = {isa = PBXBuildFile; fileRef = D42C2D131BD75F3800DBA881 /* MutableSet.m */; };
		D454181A1BCFAC6C00A61EDD /* DateFormatter.m in Sources */ = {isa = PBXBuildFile; fileRef = D45418191BCFAC6C00A61EDD /* DateFormatter.m */; };
		D4B46E7E1BD0A43B006D3D00 /* Calendar.m in Sources */ = {isa = PBXBuildFile; fileRef = D4B46E7D1BD0A43B006D3D00 /* Calendar.m */; };
		D4B46E7F1BD0A43B006D3D00 /* Calendar.m in Sources */ = {isa = PBXBuildFile; fileRef = D4B46E7D1BD0A43B006D3D00 /* Calendar.m */; };
		D4B46E801BD0A43B006D3D00 /* Calendar.m in Sources */ = {isa = PBXBuildFile; fileRef = D4B46E7D1BD0A43B006D3D00 /* Calendar.m */; };
/* End PBXBuildFile section */

/* Begin PBXContainerItemProxy section */
		D4121F081BCCF621000C680C /* PBXContainerItemProxy */ = {
			isa = PBXContainerItemProxy;
			containerPortal = D4121EE61BCCF621000C680C /* Project object */;
			proxyType = 1;
			remoteGlobalIDString = D4121EED1BCCF621000C680C;
			remoteInfo = CommonDataType;
		};
		D4121F131BCCF621000C680C /* PBXContainerItemProxy */ = {
			isa = PBXContainerItemProxy;
			containerPortal = D4121EE61BCCF621000C680C /* Project object */;
			proxyType = 1;
			remoteGlobalIDString = D4121EED1BCCF621000C680C;
			remoteInfo = CommonDataType;
		};
/* End PBXContainerItemProxy section */

/* Begin PBXFileReference section */
		D4121EEE1BCCF621000C680C /* CommonDataType.app */ = {isa = PBXFileReference; explicitFileType = wrapper.application; includeInIndex = 0; path = CommonDataType.app; sourceTree = BUILT_PRODUCTS_DIR; };
		D4121EF21BCCF621000C680C /* main.m */ = {isa = PBXFileReference; lastKnownFileType = sourcecode.c.objc; path = main.m; sourceTree = "<group>"; };
		D4121EF41BCCF621000C680C /* AppDelegate.h */ = {isa = PBXFileReference; lastKnownFileType = sourcecode.c.h; path = AppDelegate.h; sourceTree = "<group>"; };
		D4121EF51BCCF621000C680C /* AppDelegate.m */ = {isa = PBXFileReference; lastKnownFileType = sourcecode.c.objc; path = AppDelegate.m; sourceTree = "<group>"; };
		D4121EF71BCCF621000C680C /* ViewController.h */ = {isa = PBXFileReference; lastKnownFileType = sourcecode.c.h; path = ViewController.h; sourceTree = "<group>"; };
		D4121EF81BCCF621000C680C /* ViewController.m */ = {isa = PBXFileReference; lastKnownFileType = sourcecode.c.objc; path = ViewController.m; sourceTree = "<group>"; };
		D4121EFB1BCCF621000C680C /* Base */ = {isa = PBXFileReference; lastKnownFileType = file.storyboard; name = Base; path = Base.lproj/Main.storyboard; sourceTree = "<group>"; };
		D4121EFD1BCCF621000C680C /* Assets.xcassets */ = {isa = PBXFileReference; lastKnownFileType = folder.assetcatalog; path = Assets.xcassets; sourceTree = "<group>"; };
		D4121F001BCCF621000C680C /* Base */ = {isa = PBXFileReference; lastKnownFileType = file.storyboard; name = Base; path = Base.lproj/LaunchScreen.storyboard; sourceTree = "<group>"; };
		D4121F021BCCF621000C680C /* Info.plist */ = {isa = PBXFileReference; lastKnownFileType = text.plist.xml; path = Info.plist; sourceTree = "<group>"; };
		D4121F071BCCF621000C680C /* CommonDataTypeTests.xctest */ = {isa = PBXFileReference; explicitFileType = wrapper.cfbundle; includeInIndex = 0; path = CommonDataTypeTests.xctest; sourceTree = BUILT_PRODUCTS_DIR; };
		D4121F0B1BCCF621000C680C /* CommonDataTypeTests.m */ = {isa = PBXFileReference; lastKnownFileType = sourcecode.c.objc; path = CommonDataTypeTests.m; sourceTree = "<group>"; };
		D4121F0D1BCCF621000C680C /* Info.plist */ = {isa = PBXFileReference; lastKnownFileType = text.plist.xml; path = Info.plist; sourceTree = "<group>"; };
		D4121F121BCCF621000C680C /* CommonDataTypeUITests.xctest */ = {isa = PBXFileReference; explicitFileType = wrapper.cfbundle; includeInIndex = 0; path = CommonDataTypeUITests.xctest; sourceTree = BUILT_PRODUCTS_DIR; };
		D4121F161BCCF621000C680C /* CommonDataTypeUITests.m */ = {isa = PBXFileReference; lastKnownFileType = sourcecode.c.objc; path = CommonDataTypeUITests.m; sourceTree = "<group>"; };
		D4121F181BCCF622000C680C /* Info.plist */ = {isa = PBXFileReference; lastKnownFileType = text.plist.xml; path = Info.plist; sourceTree = "<group>"; };
		D4121F251BCCF673000C680C /* Dictionary.h */ = {isa = PBXFileReference; fileEncoding = 4; lastKnownFileType = sourcecode.c.h; path = Dictionary.h; sourceTree = "<group>"; };
		D4121F261BCCF673000C680C /* Dictionary.m */ = {isa = PBXFileReference; fileEncoding = 4; lastKnownFileType = sourcecode.c.objc; path = Dictionary.m; sourceTree = "<group>"; };
		D4121F281BCD23C6000C680C /* MutableDictionary.h */ = {isa = PBXFileReference; fileEncoding = 4; lastKnownFileType = sourcecode.c.h; path = MutableDictionary.h; sourceTree = "<group>"; };
		D4121F291BCD23C6000C680C /* MutableDictionary.m */ = {isa = PBXFileReference; fileEncoding = 4; lastKnownFileType = sourcecode.c.objc; path = MutableDictionary.m; sourceTree = "<group>"; };
		D4121F2C1BCE1B79000C680C /* Array.h */ = {isa = PBXFileReference; fileEncoding = 4; lastKnownFileType = sourcecode.c.h; path = Array.h; sourceTree = "<group>"; };
		D4121F2D1BCE1B79000C680C /* Array.m */ = {isa = PBXFileReference; fileEncoding = 4; lastKnownFileType = sourcecode.c.objc; path = Array.m; sourceTree = "<group>"; };
		D4121F301BCE35D1000C680C /* Users+Category.h */ = {isa = PBXFileReference; fileEncoding = 4; lastKnownFileType = sourcecode.c.h; path = "Users+Category.h"; sourceTree = "<group>"; };
		D4121F311BCE35D1000C680C /* Users+Category.m */ = {isa = PBXFileReference; fileEncoding = 4; lastKnownFileType = sourcecode.c.objc; path = "Users+Category.m"; sourceTree = "<group>"; };
		D4121F321BCE35D1000C680C /* Users.h */ = {isa = PBXFileReference; fileEncoding = 4; lastKnownFileType = sourcecode.c.h; path = Users.h; sourceTree = "<group>"; };
		D4121F331BCE35D1000C680C /* Users.m */ = {isa = PBXFileReference; fileEncoding = 4; lastKnownFileType = sourcecode.c.objc; path = Users.m; sourceTree = "<group>"; };
		D4121F361BCE62BC000C680C /* MutableArray.h */ = {isa = PBXFileReference; fileEncoding = 4; lastKnownFileType = sourcecode.c.h; path = MutableArray.h; sourceTree = "<group>"; };
		D4121F371BCE62BC000C680C /* MutableArray.m */ = {isa = PBXFileReference; fileEncoding = 4; lastKnownFileType = sourcecode.c.objc; path = MutableArray.m; sourceTree = "<group>"; };
		D4121F391BCF6F06000C680C /* Date.h */ = {isa = PBXFileReference; fileEncoding = 4; lastKnownFileType = sourcecode.c.h; path = Date.h; sourceTree = "<group>"; };
		D4121F3A1BCF6F06000C680C /* Date.m */ = {isa = PBXFileReference; fileEncoding = 4; lastKnownFileType = sourcecode.c.objc; path = Date.m; sourceTree = "<group>"; };
		D42C2D061BD498B000DBA881 /* DateComponents.h */ = {isa = PBXFileReference; fileEncoding = 4; lastKnownFileType = sourcecode.c.h; path = DateComponents.h; sourceTree = "<group>"; };
		D42C2D071BD498B000DBA881 /* DateComponents.m */ = {isa = PBXFileReference; fileEncoding = 4; lastKnownFileType = sourcecode.c.objc; path = DateComponents.m; sourceTree = "<group>"; };
		D42C2D091BD4BF7000DBA881 /* String.h */ = {isa = PBXFileReference; fileEncoding = 4; lastKnownFileType = sourcecode.c.h; path = String.h; sourceTree = "<group>"; };
		D42C2D0A1BD4BF7000DBA881 /* String.m */ = {isa = PBXFileReference; fileEncoding = 4; lastKnownFileType = sourcecode.c.objc; path = String.m; sourceTree = "<group>"; };
		D42C2D0C1BD7281400DBA881 /* MutableString.h */ = {isa = PBXFileReference; fileEncoding = 4; lastKnownFileType = sourcecode.c.h; path = MutableString.h; sourceTree = "<group>"; };
		D42C2D0D1BD7281400DBA881 /* MutableString.m */ = {isa = PBXFileReference; fileEncoding = 4; lastKnownFileType = sourcecode.c.objc; path = MutableString.m; sourceTree = "<group>"; };
		D42C2D0F1BD7344700DBA881 /* Set.h */ = {isa = PBXFileReference; fileEncoding = 4; lastKnownFileType = sourcecode.c.h; path = Set.h; sourceTree = "<group>"; };
		D42C2D101BD7344700DBA881 /* Set.m */ = {isa = PBXFileReference; fileEncoding = 4; lastKnownFileType = sourcecode.c.objc; path = Set.m; sourceTree = "<group>"; };
		D42C2D121BD75F3800DBA881 /* MutableSet.h */ = {isa = PBXFileReference; fileEncoding = 4; lastKnownFileType = sourcecode.c.h; path = MutableSet.h; sourceTree = "<group>"; };
		D42C2D131BD75F3800DBA881 /* MutableSet.m */ = {isa = PBXFileReference; fileEncoding = 4; lastKnownFileType = sourcecode.c.objc; path = MutableSet.m; sourceTree = "<group>"; };
		D45418181BCFAC6C00A61EDD /* DateFormatter.h */ = {isa = PBXFileReference; fileEncoding = 4; lastKnownFileType = sourcecode.c.h; path = DateFormatter.h; sourceTree = "<group>"; };
		D45418191BCFAC6C00A61EDD /* DateFormatter.m */ = {isa = PBXFileReference; fileEncoding = 4; lastKnownFileType = sourcecode.c.objc; path = DateFormatter.m; sourceTree = "<group>"; };
		D4B46E7C1BD0A43B006D3D00 /* Calendar.h */ = {isa = PBXFileReference; fileEncoding = 4; lastKnownFileType = sourcecode.c.h; path = Calendar.h; sourceTree = "<group>"; };
		D4B46E7D1BD0A43B006D3D00 /* Calendar.m */ = {isa = PBXFileReference; fileEncoding = 4; lastKnownFileType = sourcecode.c.objc; path = Calendar.m; sourceTree = "<group>"; };
/* End PBXFileReference section */

/* Begin PBXFrameworksBuildPhase section */
		D4121EEB1BCCF621000C680C /* Frameworks */ = {
			isa = PBXFrameworksBuildPhase;
			buildActionMask = 2147483647;
			files = (
			);
			runOnlyForDeploymentPostprocessing = 0;
		};
		D4121F041BCCF621000C680C /* Frameworks */ = {
			isa = PBXFrameworksBuildPhase;
			buildActionMask = 2147483647;
			files = (
			);
			runOnlyForDeploymentPostprocessing = 0;
		};
		D4121F0F1BCCF621000C680C /* Frameworks */ = {
			isa = PBXFrameworksBuildPhase;
			buildActionMask = 2147483647;
			files = (
			);
			runOnlyForDeploymentPostprocessing = 0;
		};
/* End PBXFrameworksBuildPhase section */

/* Begin PBXGroup section */
		D4121EE51BCCF621000C680C = {
			isa = PBXGroup;
			children = (
				D4121EF01BCCF621000C680C /* CommonDataType */,
				D4121F0A1BCCF621000C680C /* CommonDataTypeTests */,
				D4121F151BCCF621000C680C /* CommonDataTypeUITests */,
				D4121EEF1BCCF621000C680C /* Products */,
			);
			sourceTree = "<group>";
		};
		D4121EEF1BCCF621000C680C /* Products */ = {
			isa = PBXGroup;
			children = (
				D4121EEE1BCCF621000C680C /* CommonDataType.app */,
				D4121F071BCCF621000C680C /* CommonDataTypeTests.xctest */,
				D4121F121BCCF621000C680C /* CommonDataTypeUITests.xctest */,
			);
			name = Products;
			sourceTree = "<group>";
		};
		D4121EF01BCCF621000C680C /* CommonDataType */ = {
			isa = PBXGroup;
			children = (
				D4121EF41BCCF621000C680C /* AppDelegate.h */,
				D4121EF51BCCF621000C680C /* AppDelegate.m */,
				D4121EF71BCCF621000C680C /* ViewController.h */,
				D4121EF81BCCF621000C680C /* ViewController.m */,
				D4121F2B1BCE047F000C680C /* View */,
				D4121F241BCCF656000C680C /* Default */,
				D4121EF11BCCF621000C680C /* Supporting Files */,
			);
			path = CommonDataType;
			sourceTree = "<group>";
		};
		D4121EF11BCCF621000C680C /* Supporting Files */ = {
			isa = PBXGroup;
			children = (
				D4121F021BCCF621000C680C /* Info.plist */,
				D4121EF21BCCF621000C680C /* main.m */,
			);
			name = "Supporting Files";
			sourceTree = "<group>";
		};
		D4121F0A1BCCF621000C680C /* CommonDataTypeTests */ = {
			isa = PBXGroup;
			children = (
				D4121F0B1BCCF621000C680C /* CommonDataTypeTests.m */,
				D4121F0D1BCCF621000C680C /* Info.plist */,
			);
			path = CommonDataTypeTests;
			sourceTree = "<group>";
		};
		D4121F151BCCF621000C680C /* CommonDataTypeUITests */ = {
			isa = PBXGroup;
			children = (
				D4121F161BCCF621000C680C /* CommonDataTypeUITests.m */,
				D4121F181BCCF622000C680C /* Info.plist */,
			);
			path = CommonDataTypeUITests;
			sourceTree = "<group>";
		};
		D4121F241BCCF656000C680C /* Default */ = {
			isa = PBXGroup;
			children = (
				D446503F1BDB5E2500F0544E /* Array */,
				D4B46E7B1BD0A420006D3D00 /* Date */,
				D44650401BDB5E3000F0544E /* Dictionary */,
				D446503E1BDB5E1B00F0544E /* Set */,
				D446503D1BDB5E0E00F0544E /* String */,
				D4121F2F1BCE35D1000C680C /* Users */,
			);
			name = Default;
			sourceTree = "<group>";
		};
		D4121F2B1BCE047F000C680C /* View */ = {
			isa = PBXGroup;
			children = (
				D4121EFA1BCCF621000C680C /* Main.storyboard */,
				D4121EFD1BCCF621000C680C /* Assets.xcassets */,
				D4121EFF1BCCF621000C680C /* LaunchScreen.storyboard */,
			);
			name = View;
			sourceTree = "<group>";
		};
		D4121F2F1BCE35D1000C680C /* Users */ = {
			isa = PBXGroup;
			children = (
				D4121F301BCE35D1000C680C /* Users+Category.h */,
				D4121F311BCE35D1000C680C /* Users+Category.m */,
				D4121F321BCE35D1000C680C /* Users.h */,
				D4121F331BCE35D1000C680C /* Users.m */,
			);
			path = Users;
			sourceTree = "<group>";
		};
		D446503D1BDB5E0E00F0544E /* String */ = {
			isa = PBXGroup;
			children = (
				D42C2D091BD4BF7000DBA881 /* String.h */,
				D42C2D0A1BD4BF7000DBA881 /* String.m */,
				D42C2D0C1BD7281400DBA881 /* MutableString.h */,
				D42C2D0D1BD7281400DBA881 /* MutableString.m */,
			);
			name = String;
			sourceTree = "<group>";
		};
		D446503E1BDB5E1B00F0544E /* Set */ = {
			isa = PBXGroup;
			children = (
				D42C2D0F1BD7344700DBA881 /* Set.h */,
				D42C2D101BD7344700DBA881 /* Set.m */,
				D42C2D121BD75F3800DBA881 /* MutableSet.h */,
				D42C2D131BD75F3800DBA881 /* MutableSet.m */,
			);
			name = Set;
			sourceTree = "<group>";
		};
		D446503F1BDB5E2500F0544E /* Array */ = {
			isa = PBXGroup;
			children = (
				D4121F2C1BCE1B79000C680C /* Array.h */,
				D4121F2D1BCE1B79000C680C /* Array.m */,
				D4121F361BCE62BC000C680C /* MutableArray.h */,
				D4121F371BCE62BC000C680C /* MutableArray.m */,
			);
			name = Array;
			sourceTree = "<group>";
		};
		D44650401BDB5E3000F0544E /* Dictionary */ = {
			isa = PBXGroup;
			children = (
				D4121F251BCCF673000C680C /* Dictionary.h */,
				D4121F261BCCF673000C680C /* Dictionary.m */,
				D4121F281BCD23C6000C680C /* MutableDictionary.h */,
				D4121F291BCD23C6000C680C /* MutableDictionary.m */,
			);
			name = Dictionary;
			sourceTree = "<group>";
		};
		D4B46E7B1BD0A420006D3D00 /* Date */ = {
			isa = PBXGroup;
			children = (
				D4121F391BCF6F06000C680C /* Date.h */,
				D4121F3A1BCF6F06000C680C /* Date.m */,
				D45418181BCFAC6C00A61EDD /* DateFormatter.h */,
				D45418191BCFAC6C00A61EDD /* DateFormatter.m */,
				D4B46E7C1BD0A43B006D3D00 /* Calendar.h */,
				D4B46E7D1BD0A43B006D3D00 /* Calendar.m */,
				D42C2D061BD498B000DBA881 /* DateComponents.h */,
				D42C2D071BD498B000DBA881 /* DateComponents.m */,
			);
			name = Date;
			sourceTree = "<group>";
		};
/* End PBXGroup section */

/* Begin PBXNativeTarget section */
		D4121EED1BCCF621000C680C /* CommonDataType */ = {
			isa = PBXNativeTarget;
			buildConfigurationList = D4121F1B1BCCF622000C680C /* Build configuration list for PBXNativeTarget "CommonDataType" */;
			buildPhases = (
				D4121EEA1BCCF621000C680C /* Sources */,
				D4121EEB1BCCF621000C680C /* Frameworks */,
				D4121EEC1BCCF621000C680C /* Resources */,
			);
			buildRules = (
			);
			dependencies = (
			);
			name = CommonDataType;
			productName = CommonDataType;
			productReference = D4121EEE1BCCF621000C680C /* CommonDataType.app */;
			productType = "com.apple.product-type.application";
		};
		D4121F061BCCF621000C680C /* CommonDataTypeTests */ = {
			isa = PBXNativeTarget;
			buildConfigurationList = D4121F1E1BCCF622000C680C /* Build configuration list for PBXNativeTarget "CommonDataTypeTests" */;
			buildPhases = (
				D4121F031BCCF621000C680C /* Sources */,
				D4121F041BCCF621000C680C /* Frameworks */,
				D4121F051BCCF621000C680C /* Resources */,
			);
			buildRules = (
			);
			dependencies = (
				D4121F091BCCF621000C680C /* PBXTargetDependency */,
			);
			name = CommonDataTypeTests;
			productName = CommonDataTypeTests;
			productReference = D4121F071BCCF621000C680C /* CommonDataTypeTests.xctest */;
			productType = "com.apple.product-type.bundle.unit-test";
		};
		D4121F111BCCF621000C680C /* CommonDataTypeUITests */ = {
			isa = PBXNativeTarget;
			buildConfigurationList = D4121F211BCCF622000C680C /* Build configuration list for PBXNativeTarget "CommonDataTypeUITests" */;
			buildPhases = (
				D4121F0E1BCCF621000C680C /* Sources */,
				D4121F0F1BCCF621000C680C /* Frameworks */,
				D4121F101BCCF621000C680C /* Resources */,
			);
			buildRules = (
			);
			dependencies = (
				D4121F141BCCF621000C680C /* PBXTargetDependency */,
			);
			name = CommonDataTypeUITests;
			productName = CommonDataTypeUITests;
			productReference = D4121F121BCCF621000C680C /* CommonDataTypeUITests.xctest */;
			productType = "com.apple.product-type.bundle.ui-testing";
		};
/* End PBXNativeTarget section */

/* Begin PBXProject section */
		D4121EE61BCCF621000C680C /* Project object */ = {
			isa = PBXProject;
			attributes = {
				LastUpgradeCheck = 0700;
				ORGANIZATIONNAME = "六月";
				TargetAttributes = {
					D4121EED1BCCF621000C680C = {
						CreatedOnToolsVersion = 7.0.1;
					};
					D4121F061BCCF621000C680C = {
						CreatedOnToolsVersion = 7.0.1;
						TestTargetID = D4121EED1BCCF621000C680C;
					};
					D4121F111BCCF621000C680C = {
						CreatedOnToolsVersion = 7.0.1;
						TestTargetID = D4121EED1BCCF621000C680C;
					};
				};
			};
			buildConfigurationList = D4121EE91BCCF621000C680C /* Build configuration list for PBXProject "CommonDataType" */;
			compatibilityVersion = "Xcode 3.2";
			developmentRegion = English;
			hasScannedForEncodings = 0;
			knownRegions = (
				en,
				Base,
			);
			mainGroup = D4121EE51BCCF621000C680C;
			productRefGroup = D4121EEF1BCCF621000C680C /* Products */;
			projectDirPath = "";
			projectRoot = "";
			targets = (
				D4121EED1BCCF621000C680C /* CommonDataType */,
				D4121F061BCCF621000C680C /* CommonDataTypeTests */,
				D4121F111BCCF621000C680C /* CommonDataTypeUITests */,
			);
		};
/* End PBXProject section */

/* Begin PBXResourcesBuildPhase section */
		D4121EEC1BCCF621000C680C /* Resources */ = {
			isa = PBXResourcesBuildPhase;
			buildActionMask = 2147483647;
			files = (
				D4121F011BCCF621000C680C /* LaunchScreen.storyboard in Resources */,
				D4121EFE1BCCF621000C680C /* Assets.xcassets in Resources */,
				D4121EFC1BCCF621000C680C /* Main.storyboard in Resources */,
			);
			runOnlyForDeploymentPostprocessing = 0;
		};
		D4121F051BCCF621000C680C /* Resources */ = {
			isa = PBXResourcesBuildPhase;
			buildActionMask = 2147483647;
			files = (
			);
			runOnlyForDeploymentPostprocessing = 0;
		};
		D4121F101BCCF621000C680C /* Resources */ = {
			isa = PBXResourcesBuildPhase;
			buildActionMask = 2147483647;
			files = (
			);
			runOnlyForDeploymentPostprocessing = 0;
		};
/* End PBXResourcesBuildPhase section */

/* Begin PBXSourcesBuildPhase section */
		D4121EEA1BCCF621000C680C /* Sources */ = {
			isa = PBXSourcesBuildPhase;
			buildActionMask = 2147483647;
			files = (
				D4121EF91BCCF621000C680C /* ViewController.m in Sources */,
				D4121F2A1BCD23C6000C680C /* MutableDictionary.m in Sources */,
				D4121F381BCE62BC000C680C /* MutableArray.m in Sources */,
				D4B46E7E1BD0A43B006D3D00 /* Calendar.m in Sources */,
				D42C2D081BD498B000DBA881 /* DateComponents.m in Sources */,
				D4121F271BCCF673000C680C /* Dictionary.m in Sources */,
				D42C2D0B1BD4BF7000DBA881 /* String.m in Sources */,
				D4121F2E1BCE1B79000C680C /* Array.m in Sources */,
				D454181A1BCFAC6C00A61EDD /* DateFormatter.m in Sources */,
				D4121F3B1BCF6F06000C680C /* Date.m in Sources */,
				D4121F351BCE35D1000C680C /* Users.m in Sources */,
				D4121EF61BCCF621000C680C /* AppDelegate.m in Sources */,
				D42C2D111BD7344700DBA881 /* Set.m in Sources */,
				D42C2D0E1BD7281400DBA881 /* MutableString.m in Sources */,
				D42C2D141BD75F3800DBA881 /* MutableSet.m in Sources */,
				D4121F341BCE35D1000C680C /* Users+Category.m in Sources */,
				D4121EF31BCCF621000C680C /* main.m in Sources */,
			);
			runOnlyForDeploymentPostprocessing = 0;
		};
		D4121F031BCCF621000C680C /* Sources */ = {
			isa = PBXSourcesBuildPhase;
			buildActionMask = 2147483647;
			files = (
				D4121F0C1BCCF621000C680C /* CommonDataTypeTests.m in Sources */,
				D4B46E7F1BD0A43B006D3D00 /* Calendar.m in Sources */,
			);
			runOnlyForDeploymentPostprocessing = 0;
		};
		D4121F0E1BCCF621000C680C /* Sources */ = {
			isa = PBXSourcesBuildPhase;
			buildActionMask = 2147483647;
			files = (
				D4121F171BCCF621000C680C /* CommonDataTypeUITests.m in Sources */,
				D4B46E801BD0A43B006D3D00 /* Calendar.m in Sources */,
			);
			runOnlyForDeploymentPostprocessing = 0;
		};
/* End PBXSourcesBuildPhase section */

/* Begin PBXTargetDependency section */
		D4121F091BCCF621000C680C /* PBXTargetDependency */ = {
			isa = PBXTargetDependency;
			target = D4121EED1BCCF621000C680C /* CommonDataType */;
			targetProxy = D4121F081BCCF621000C680C /* PBXContainerItemProxy */;
		};
		D4121F141BCCF621000C680C /* PBXTargetDependency */ = {
			isa = PBXTargetDependency;
			target = D4121EED1BCCF621000C680C /* CommonDataType */;
			targetProxy = D4121F131BCCF621000C680C /* PBXContainerItemProxy */;
		};
/* End PBXTargetDependency section */

/* Begin PBXVariantGroup section */
		D4121EFA1BCCF621000C680C /* Main.storyboard */ = {
			isa = PBXVariantGroup;
			children = (
				D4121EFB1BCCF621000C680C /* Base */,
			);
			name = Main.storyboard;
			sourceTree = "<group>";
		};
		D4121EFF1BCCF621000C680C /* LaunchScreen.storyboard */ = {
			isa = PBXVariantGroup;
			children = (
				D4121F001BCCF621000C680C /* Base */,
			);
			name = LaunchScreen.storyboard;
			sourceTree = "<group>";
		};
/* End PBXVariantGroup section */

/* Begin XCBuildConfiguration section */
		D4121F191BCCF622000C680C /* Debug */ = {
			isa = XCBuildConfiguration;
			buildSettings = {
				ALWAYS_SEARCH_USER_PATHS = NO;
				CLANG_CXX_LANGUAGE_STANDARD = "gnu++0x";
				CLANG_CXX_LIBRARY = "libc++";
				CLANG_ENABLE_MODULES = YES;
				CLANG_ENABLE_OBJC_ARC = YES;
				CLANG_WARN_BOOL_CONVERSION = YES;
				CLANG_WARN_CONSTANT_CONVERSION = YES;
				CLANG_WARN_DIRECT_OBJC_ISA_USAGE = YES_ERROR;
				CLANG_WARN_EMPTY_BODY = YES;
				CLANG_WARN_ENUM_CONVERSION = YES;
				CLANG_WARN_INT_CONVERSION = YES;
				CLANG_WARN_OBJC_ROOT_CLASS = YES_ERROR;
				CLANG_WARN_UNREACHABLE_CODE = YES;
				CLANG_WARN__DUPLICATE_METHOD_MATCH = YES;
				"CODE_SIGN_IDENTITY[sdk=iphoneos*]" = "iPhone Developer";
				COPY_PHASE_STRIP = NO;
				DEBUG_INFORMATION_FORMAT = dwarf;
				ENABLE_STRICT_OBJC_MSGSEND = YES;
				ENABLE_TESTABILITY = YES;
				GCC_C_LANGUAGE_STANDARD = gnu99;
				GCC_DYNAMIC_NO_PIC = NO;
				GCC_NO_COMMON_BLOCKS = YES;
				GCC_OPTIMIZATION_LEVEL = 0;
				GCC_PREPROCESSOR_DEFINITIONS = (
					"DEBUG=1",
					"$(inherited)",
				);
				GCC_WARN_64_TO_32_BIT_CONVERSION = YES;
				GCC_WARN_ABOUT_RETURN_TYPE = YES_ERROR;
				GCC_WARN_UNDECLARED_SELECTOR = YES;
				GCC_WARN_UNINITIALIZED_AUTOS = YES_AGGRESSIVE;
				GCC_WARN_UNUSED_FUNCTION = YES;
				GCC_WARN_UNUSED_VARIABLE = YES;
				IPHONEOS_DEPLOYMENT_TARGET = 9.0;
				MTL_ENABLE_DEBUG_INFO = YES;
				ONLY_ACTIVE_ARCH = YES;
				SDKROOT = iphoneos;
			};
			name = Debug;
		};
		D4121F1A1BCCF622000C680C /* Release */ = {
			isa = XCBuildConfiguration;
			buildSettings = {
				ALWAYS_SEARCH_USER_PATHS = NO;
				CLANG_CXX_LANGUAGE_STANDARD = "gnu++0x";
				CLANG_CXX_LIBRARY = "libc++";
				CLANG_ENABLE_MODULES = YES;
				CLANG_ENABLE_OBJC_ARC = YES;
				CLANG_WARN_BOOL_CONVERSION = YES;
				CLANG_WARN_CONSTANT_CONVERSION = YES;
				CLANG_WARN_DIRECT_OBJC_ISA_USAGE = YES_ERROR;
				CLANG_WARN_EMPTY_BODY = YES;
				CLANG_WARN_ENUM_CONVERSION = YES;
				CLANG_WARN_INT_CONVERSION = YES;
				CLANG_WARN_OBJC_ROOT_CLASS = YES_ERROR;
				CLANG_WARN_UNREACHABLE_CODE = YES;
				CLANG_WARN__DUPLICATE_METHOD_MATCH = YES;
				"CODE_SIGN_IDENTITY[sdk=iphoneos*]" = "iPhone Developer";
				COPY_PHASE_STRIP = NO;
				DEBUG_INFORMATION_FORMAT = "dwarf-with-dsym";
				ENABLE_NS_ASSERTIONS = NO;
				ENABLE_STRICT_OBJC_MSGSEND = YES;
				GCC_C_LANGUAGE_STANDARD = gnu99;
				GCC_NO_COMMON_BLOCKS = YES;
				GCC_WARN_64_TO_32_BIT_CONVERSION = YES;
				GCC_WARN_ABOUT_RETURN_TYPE = YES_ERROR;
				GCC_WARN_UNDECLARED_SELECTOR = YES;
				GCC_WARN_UNINITIALIZED_AUTOS = YES_AGGRESSIVE;
				GCC_WARN_UNUSED_FUNCTION = YES;
				GCC_WARN_UNUSED_VARIABLE = YES;
				IPHONEOS_DEPLOYMENT_TARGET = 9.0;
				MTL_ENABLE_DEBUG_INFO = NO;
				SDKROOT = iphoneos;
				VALIDATE_PRODUCT = YES;
			};
			name = Release;
		};
		D4121F1C1BCCF622000C680C /* Debug */ = {
			isa = XCBuildConfiguration;
			buildSettings = {
				ASSETCATALOG_COMPILER_APPICON_NAME = AppIcon;
				INFOPLIST_FILE = CommonDataType/Info.plist;
				LD_RUNPATH_SEARCH_PATHS = "$(inherited) @executable_path/Frameworks";
				PRODUCT_BUNDLE_IDENTIFIER = com.CommonDataType;
				PRODUCT_NAME = "$(TARGET_NAME)";
			};
			name = Debug;
		};
		D4121F1D1BCCF622000C680C /* Release */ = {
			isa = XCBuildConfiguration;
			buildSettings = {
				ASSETCATALOG_COMPILER_APPICON_NAME = AppIcon;
				INFOPLIST_FILE = CommonDataType/Info.plist;
				LD_RUNPATH_SEARCH_PATHS = "$(inherited) @executable_path/Frameworks";
				PRODUCT_BUNDLE_IDENTIFIER = com.CommonDataType;
				PRODUCT_NAME = "$(TARGET_NAME)";
			};
			name = Release;
		};
		D4121F1F1BCCF622000C680C /* Debug */ = {
			isa = XCBuildConfiguration;
			buildSettings = {
				BUNDLE_LOADER = "$(TEST_HOST)";
				INFOPLIST_FILE = CommonDataTypeTests/Info.plist;
				LD_RUNPATH_SEARCH_PATHS = "$(inherited) @executable_path/Frameworks @loader_path/Frameworks";
				PRODUCT_BUNDLE_IDENTIFIER = com.CommonDataTypeTests;
				PRODUCT_NAME = "$(TARGET_NAME)";
				TEST_HOST = "$(BUILT_PRODUCTS_DIR)/CommonDataType.app/CommonDataType";
			};
			name = Debug;
		};
		D4121F201BCCF622000C680C /* Release */ = {
			isa = XCBuildConfiguration;
			buildSettings = {
				BUNDLE_LOADER = "$(TEST_HOST)";
				INFOPLIST_FILE = CommonDataTypeTests/Info.plist;
				LD_RUNPATH_SEARCH_PATHS = "$(inherited) @executable_path/Frameworks @loader_path/Frameworks";
				PRODUCT_BUNDLE_IDENTIFIER = com.CommonDataTypeTests;
				PRODUCT_NAME = "$(TARGET_NAME)";
				TEST_HOST = "$(BUILT_PRODUCTS_DIR)/CommonDataType.app/CommonDataType";
			};
			name = Release;
		};
		D4121F221BCCF622000C680C /* Debug */ = {
			isa = XCBuildConfiguration;
			buildSettings = {
				INFOPLIST_FILE = CommonDataTypeUITests/Info.plist;
				LD_RUNPATH_SEARCH_PATHS = "$(inherited) @executable_path/Frameworks @loader_path/Frameworks";
				PRODUCT_BUNDLE_IDENTIFIER = com.CommonDataTypeUITests;
				PRODUCT_NAME = "$(TARGET_NAME)";
				TEST_TARGET_NAME = CommonDataType;
				USES_XCTRUNNER = YES;
			};
			name = Debug;
		};
		D4121F231BCCF622000C680C /* Release */ = {
			isa = XCBuildConfiguration;
			buildSettings = {
				INFOPLIST_FILE = CommonDataTypeUITests/Info.plist;
				LD_RUNPATH_SEARCH_PATHS = "$(inherited) @executable_path/Frameworks @loader_path/Frameworks";
				PRODUCT_BUNDLE_IDENTIFIER = com.CommonDataTypeUITests;
				PRODUCT_NAME = "$(TARGET_NAME)";
				TEST_TARGET_NAME = CommonDataType;
				USES_XCTRUNNER = YES;
			};
			name = Release;
		};
/* End XCBuildConfiguration section */

/* Begin XCConfigurationList section */
		D4121EE91BCCF621000C680C /* Build configuration list for PBXProject "CommonDataType" */ = {
			isa = XCConfigurationList;
			buildConfigurations = (
				D4121F191BCCF622000C680C /* Debug */,
				D4121F1A1BCCF622000C680C /* Release */,
			);
			defaultConfigurationIsVisible = 0;
			defaultConfigurationName = Release;
		};
		D4121F1B1BCCF622000C680C /* Build configuration list for PBXNativeTarget "CommonDataType" */ = {
			isa = XCConfigurationList;
			buildConfigurations = (
				D4121F1C1BCCF622000C680C /* Debug */,
				D4121F1D1BCCF622000C680C /* Release */,
			);
			defaultConfigurationIsVisible = 0;
			defaultConfigurationName = Release;
		};
		D4121F1E1BCCF622000C680C /* Build configuration list for PBXNativeTarget "CommonDataTypeTests" */ = {
			isa = XCConfigurationList;
			buildConfigurations = (
				D4121F1F1BCCF622000C680C /* Debug */,
				D4121F201BCCF622000C680C /* Release */,
			);
			defaultConfigurationIsVisible = 0;
			defaultConfigurationName = Release;
		};
		D4121F211BCCF622000C680C /* Build configuration list for PBXNativeTarget "CommonDataTypeUITests" */ = {
			isa = XCConfigurationList;
			buildConfigurations = (
				D4121F221BCCF622000C680C /* Debug */,
				D4121F231BCCF622000C680C /* Release */,
			);
			defaultConfigurationIsVisible = 0;
			defaultConfigurationName = Release;
		};
/* End XCConfigurationList section */
	};
	rootObject = D4121EE61BCCF621000C680C /* Project object */;
}
