// !$*UTF8*$!
{
	archiveVersion = 1;
	classes = {
	};
	objectVersion = 46;
	objects = {

/* Begin PBXBuildFile section */
		D4AC80F21BB276FA00FE3A22 /* MsgSendTest.m in Sources */ = {isa = PBXBuildFile; fileRef = D4AC80F11BB276FA00FE3A22 /* MsgSendTest.m */; settings = {ASSET_TAGS = (); }; };
		D4AC80F51BB27A5800FE3A22 /* SuperUser.m in Sources */ = {isa = PBXBuildFile; fileRef = D4AC80F41BB27A5800FE3A22 /* SuperUser.m */; settings = {ASSET_TAGS = (); }; };
		D4C82D4C1BAFEABD005545BB /* main.m in Sources */ = {isa = PBXBuildFile; fileRef = D4C82D4B1BAFEABD005545BB /* main.m */; };
		D4C82D571BAFEF05005545BB /* User.m in Sources */ = {isa = PBXBuildFile; fileRef = D4C82D561BAFEF05005545BB /* User.m */; settings = {ASSET_TAGS = (); }; };
		D4C82D9C1BB0F514005545BB /* ClassTest.m in Sources */ = {isa = PBXBuildFile; fileRef = D4C82D9B1BB0F514005545BB /* ClassTest.m */; settings = {ASSET_TAGS = (); }; };
/* End PBXBuildFile section */

/* Begin PBXCopyFilesBuildPhase section */
		D4C82D461BAFEABD005545BB /* CopyFiles */ = {
			isa = PBXCopyFilesBuildPhase;
			buildActionMask = 2147483647;
			dstPath = /usr/share/man/man1/;
			dstSubfolderSpec = 0;
			files = (
			);
			runOnlyForDeploymentPostprocessing = 1;
		};
/* End PBXCopyFilesBuildPhase section */

/* Begin PBXFileReference section */
		D4AC80F01BB276FA00FE3A22 /* MsgSendTest.h */ = {isa = PBXFileReference; fileEncoding = 4; lastKnownFileType = sourcecode.c.h; path = MsgSendTest.h; sourceTree = "<group>"; };
		D4AC80F11BB276FA00FE3A22 /* MsgSendTest.m */ = {isa = PBXFileReference; fileEncoding = 4; lastKnownFileType = sourcecode.c.objc; path = MsgSendTest.m; sourceTree = "<group>"; };
		D4AC80F31BB27A5800FE3A22 /* SuperUser.h */ = {isa = PBXFileReference; fileEncoding = 4; lastKnownFileType = sourcecode.c.h; path = SuperUser.h; sourceTree = "<group>"; };
		D4AC80F41BB27A5800FE3A22 /* SuperUser.m */ = {isa = PBXFileReference; fileEncoding = 4; lastKnownFileType = sourcecode.c.objc; path = SuperUser.m; sourceTree = "<group>"; };
		D4C82D481BAFEABD005545BB /* Runtime */ = {isa = PBXFileReference; explicitFileType = "compiled.mach-o.executable"; includeInIndex = 0; path = Runtime; sourceTree = BUILT_PRODUCTS_DIR; };
		D4C82D4B1BAFEABD005545BB /* main.m */ = {isa = PBXFileReference; lastKnownFileType = sourcecode.c.objc; path = main.m; sourceTree = "<group>"; };
		D4C82D551BAFEF05005545BB /* User.h */ = {isa = PBXFileReference; fileEncoding = 4; lastKnownFileType = sourcecode.c.h; path = User.h; sourceTree = "<group>"; };
		D4C82D561BAFEF05005545BB /* User.m */ = {isa = PBXFileReference; fileEncoding = 4; lastKnownFileType = sourcecode.c.objc; path = User.m; sourceTree = "<group>"; };
		D4C82D9A1BB0F514005545BB /* ClassTest.h */ = {isa = PBXFileReference; fileEncoding = 4; lastKnownFileType = sourcecode.c.h; path = ClassTest.h; sourceTree = "<group>"; };
		D4C82D9B1BB0F514005545BB /* ClassTest.m */ = {isa = PBXFileReference; fileEncoding = 4; lastKnownFileType = sourcecode.c.objc; path = ClassTest.m; sourceTree = "<group>"; };
/* End PBXFileReference section */

/* Begin PBXFrameworksBuildPhase section */
		D4C82D451BAFEABD005545BB /* Frameworks */ = {
			isa = PBXFrameworksBuildPhase;
			buildActionMask = 2147483647;
			files = (
			);
			runOnlyForDeploymentPostprocessing = 0;
		};
/* End PBXFrameworksBuildPhase section */

/* Begin PBXGroup section */
		D4AC80F61BB27B1C00FE3A22 /* Test */ = {
			isa = PBXGroup;
			children = (
				D4C82D9A1BB0F514005545BB /* ClassTest.h */,
				D4C82D9B1BB0F514005545BB /* ClassTest.m */,
				D4AC80F01BB276FA00FE3A22 /* MsgSendTest.h */,
				D4AC80F11BB276FA00FE3A22 /* MsgSendTest.m */,
			);
			name = Test;
			sourceTree = "<group>";
		};
		D4AC80F71BB27B2C00FE3A22 /* Model */ = {
			isa = PBXGroup;
			children = (
				D4C82D551BAFEF05005545BB /* User.h */,
				D4C82D561BAFEF05005545BB /* User.m */,
				D4AC80F31BB27A5800FE3A22 /* SuperUser.h */,
				D4AC80F41BB27A5800FE3A22 /* SuperUser.m */,
			);
			name = Model;
			sourceTree = "<group>";
		};
		D4C82D3F1BAFEABD005545BB = {
			isa = PBXGroup;
			children = (
				D4C82D4A1BAFEABD005545BB /* Runtime */,
				D4C82D491BAFEABD005545BB /* Products */,
			);
			sourceTree = "<group>";
		};
		D4C82D491BAFEABD005545BB /* Products */ = {
			isa = PBXGroup;
			children = (
				D4C82D481BAFEABD005545BB /* Runtime */,
			);
			name = Products;
			sourceTree = "<group>";
		};
		D4C82D4A1BAFEABD005545BB /* Runtime */ = {
			isa = PBXGroup;
			children = (
				D4C82D4B1BAFEABD005545BB /* main.m */,
				D4AC80F71BB27B2C00FE3A22 /* Model */,
				D4AC80F61BB27B1C00FE3A22 /* Test */,
			);
			path = Runtime;
			sourceTree = "<group>";
		};
/* End PBXGroup section */

/* Begin PBXNativeTarget section */
		D4C82D471BAFEABD005545BB /* Runtime */ = {
			isa = PBXNativeTarget;
			buildConfigurationList = D4C82D4F1BAFEABD005545BB /* Build configuration list for PBXNativeTarget "Runtime" */;
			buildPhases = (
				D4C82D441BAFEABD005545BB /* Sources */,
				D4C82D451BAFEABD005545BB /* Frameworks */,
				D4C82D461BAFEABD005545BB /* CopyFiles */,
			);
			buildRules = (
			);
			dependencies = (
			);
			name = Runtime;
			productName = Runtime;
			productReference = D4C82D481BAFEABD005545BB /* Runtime */;
			productType = "com.apple.product-type.tool";
		};
/* End PBXNativeTarget section */

/* Begin PBXProject section */
		D4C82D401BAFEABD005545BB /* Project object */ = {
			isa = PBXProject;
			attributes = {
				LastUpgradeCheck = 0700;
				ORGANIZATIONNAME = "六月";
				TargetAttributes = {
					D4C82D471BAFEABD005545BB = {
						CreatedOnToolsVersion = 7.0;
					};
				};
			};
			buildConfigurationList = D4C82D431BAFEABD005545BB /* Build configuration list for PBXProject "Runtime" */;
			compatibilityVersion = "Xcode 3.2";
			developmentRegion = English;
			hasScannedForEncodings = 0;
			knownRegions = (
				en,
			);
			mainGroup = D4C82D3F1BAFEABD005545BB;
			productRefGroup = D4C82D491BAFEABD005545BB /* Products */;
			projectDirPath = "";
			projectRoot = "";
			targets = (
				D4C82D471BAFEABD005545BB /* Runtime */,
			);
		};
/* End PBXProject section */

/* Begin PBXSourcesBuildPhase section */
		D4C82D441BAFEABD005545BB /* Sources */ = {
			isa = PBXSourcesBuildPhase;
			buildActionMask = 2147483647;
			files = (
				D4C82D9C1BB0F514005545BB /* ClassTest.m in Sources */,
				D4AC80F21BB276FA00FE3A22 /* MsgSendTest.m in Sources */,
				D4C82D4C1BAFEABD005545BB /* main.m in Sources */,
				D4C82D571BAFEF05005545BB /* User.m in Sources */,
				D4AC80F51BB27A5800FE3A22 /* SuperUser.m in Sources */,
			);
			runOnlyForDeploymentPostprocessing = 0;
		};
/* End PBXSourcesBuildPhase section */

/* Begin XCBuildConfiguration section */
		D4C82D4D1BAFEABD005545BB /* Debug */ = {
			isa = XCBuildConfiguration;
			buildSettings = {
				ALWAYS_SEARCH_USER_PATHS = NO;
				CLANG_CXX_LANGUAGE_STANDARD = "gnu++0x";
				CLANG_CXX_LIBRARY = "libc++";
				CLANG_ENABLE_MODULES = YES;
				CLANG_ENABLE_OBJC_ARC = YES;
				CLANG_WARN_BOOL_CONVERSION = YES;
				CLANG_WARN_CONSTANT_CONVERSION = YES;
				CLANG_WARN_DIRECT_OBJC_ISA_USAGE = YES_ERROR;
				CLANG_WARN_EMPTY_BODY = YES;
				CLANG_WARN_ENUM_CONVERSION = YES;
				CLANG_WARN_INT_CONVERSION = YES;
				CLANG_WARN_OBJC_ROOT_CLASS = YES_ERROR;
				CLANG_WARN_UNREACHABLE_CODE = YES;
				CLANG_WARN__DUPLICATE_METHOD_MATCH = YES;
				COPY_PHASE_STRIP = NO;
				DEBUG_INFORMATION_FORMAT = dwarf;
				ENABLE_STRICT_OBJC_MSGSEND = NO;
				ENABLE_TESTABILITY = YES;
				GCC_C_LANGUAGE_STANDARD = gnu99;
				GCC_DYNAMIC_NO_PIC = NO;
				GCC_NO_COMMON_BLOCKS = YES;
				GCC_OPTIMIZATION_LEVEL = 0;
				GCC_PREPROCESSOR_DEFINITIONS = (
					"DEBUG=1",
					"$(inherited)",
				);
				GCC_WARN_64_TO_32_BIT_CONVERSION = YES;
				GCC_WARN_ABOUT_RETURN_TYPE = YES_ERROR;
				GCC_WARN_UNDECLARED_SELECTOR = YES;
				GCC_WARN_UNINITIALIZED_AUTOS = YES_AGGRESSIVE;
				GCC_WARN_UNUSED_FUNCTION = YES;
				GCC_WARN_UNUSED_VARIABLE = YES;
				MACOSX_DEPLOYMENT_TARGET = 10.10;
				MTL_ENABLE_DEBUG_INFO = YES;
				ONLY_ACTIVE_ARCH = YES;
				SDKROOT = macosx;
			};
			name = Debug;
		};
		D4C82D4E1BAFEABD005545BB /* Release */ = {
			isa = XCBuildConfiguration;
			buildSettings = {
				ALWAYS_SEARCH_USER_PATHS = NO;
				CLANG_CXX_LANGUAGE_STANDARD = "gnu++0x";
				CLANG_CXX_LIBRARY = "libc++";
				CLANG_ENABLE_MODULES = YES;
				CLANG_ENABLE_OBJC_ARC = YES;
				CLANG_WARN_BOOL_CONVERSION = YES;
				CLANG_WARN_CONSTANT_CONVERSION = YES;
				CLANG_WARN_DIRECT_OBJC_ISA_USAGE = YES_ERROR;
				CLANG_WARN_EMPTY_BODY = YES;
				CLANG_WARN_ENUM_CONVERSION = YES;
				CLANG_WARN_INT_CONVERSION = YES;
				CLANG_WARN_OBJC_ROOT_CLASS = YES_ERROR;
				CLANG_WARN_UNREACHABLE_CODE = YES;
				CLANG_WARN__DUPLICATE_METHOD_MATCH = YES;
				COPY_PHASE_STRIP = NO;
				DEBUG_INFORMATION_FORMAT = "dwarf-with-dsym";
				ENABLE_NS_ASSERTIONS = NO;
				ENABLE_STRICT_OBJC_MSGSEND = NO;
				GCC_C_LANGUAGE_STANDARD = gnu99;
				GCC_NO_COMMON_BLOCKS = YES;
				GCC_WARN_64_TO_32_BIT_CONVERSION = YES;
				GCC_WARN_ABOUT_RETURN_TYPE = YES_ERROR;
				GCC_WARN_UNDECLARED_SELECTOR = YES;
				GCC_WARN_UNINITIALIZED_AUTOS = YES_AGGRESSIVE;
				GCC_WARN_UNUSED_FUNCTION = YES;
				GCC_WARN_UNUSED_VARIABLE = YES;
				MACOSX_DEPLOYMENT_TARGET = 10.10;
				MTL_ENABLE_DEBUG_INFO = NO;
				SDKROOT = macosx;
			};
			name = Release;
		};
		D4C82D501BAFEABD005545BB /* Debug */ = {
			isa = XCBuildConfiguration;
			buildSettings = {
				PRODUCT_NAME = "$(TARGET_NAME)";
			};
			name = Debug;
		};
		D4C82D511BAFEABD005545BB /* Release */ = {
			isa = XCBuildConfiguration;
			buildSettings = {
				PRODUCT_NAME = "$(TARGET_NAME)";
			};
			name = Release;
		};
/* End XCBuildConfiguration section */

/* Begin XCConfigurationList section */
		D4C82D431BAFEABD005545BB /* Build configuration list for PBXProject "Runtime" */ = {
			isa = XCConfigurationList;
			buildConfigurations = (
				D4C82D4D1BAFEABD005545BB /* Debug */,
				D4C82D4E1BAFEABD005545BB /* Release */,
			);
			defaultConfigurationIsVisible = 0;
			defaultConfigurationName = Release;
		};
		D4C82D4F1BAFEABD005545BB /* Build configuration list for PBXNativeTarget "Runtime" */ = {
			isa = XCConfigurationList;
			buildConfigurations = (
				D4C82D501BAFEABD005545BB /* Debug */,
				D4C82D511BAFEABD005545BB /* Release */,
			);
			defaultConfigurationIsVisible = 0;
			defaultConfigurationName = Release;
		};
/* End XCConfigurationList section */
	};
	rootObject = D4C82D401BAFEABD005545BB /* Project object */;
}
