// !$*UTF8*$!
{
	archiveVersion = 1;
	classes = {
	};
	objectVersion = 46;
	objects = {

/* Begin PBXBuildFile section */
		D469053A1BFAD303004A20B0 /* main.m in Sources */ = {isa = PBXBuildFile; fileRef = D46905391BFAD303004A20B0 /* main.m */; };
		D46905451BFADA79004A20B0 /* NSLog+Extension.m in Sources */ = {isa = PBXBuildFile; fileRef = D46905441BFADA79004A20B0 /* NSLog+Extension.m */; };
/* End PBXBuildFile section */

/* Begin PBXCopyFilesBuildPhase section */
		D46905341BFAD303004A20B0 /* CopyFiles */ = {
			isa = PBXCopyFilesBuildPhase;
			buildActionMask = 2147483647;
			dstPath = /usr/share/man/man1/;
			dstSubfolderSpec = 0;
			files = (
			);
			runOnlyForDeploymentPostprocessing = 1;
		};
/* End PBXCopyFilesBuildPhase section */

/* Begin PBXFileReference section */
		D46905361BFAD303004A20B0 /* NSLog */ = {isa = PBXFileReference; explicitFileType = "compiled.mach-o.executable"; includeInIndex = 0; path = NSLog; sourceTree = BUILT_PRODUCTS_DIR; };
		D46905391BFAD303004A20B0 /* main.m */ = {isa = PBXFileReference; lastKnownFileType = sourcecode.c.objc; path = main.m; sourceTree = "<group>"; };
		D46905431BFADA79004A20B0 /* NSLog+Extension.h */ = {isa = PBXFileReference; fileEncoding = 4; lastKnownFileType = sourcecode.c.h; path = "NSLog+Extension.h"; sourceTree = "<group>"; };
		D46905441BFADA79004A20B0 /* NSLog+Extension.m */ = {isa = PBXFileReference; fileEncoding = 4; lastKnownFileType = sourcecode.c.objc; path = "NSLog+Extension.m"; sourceTree = "<group>"; };
/* End PBXFileReference section */

/* Begin PBXFrameworksBuildPhase section */
		D46905331BFAD303004A20B0 /* Frameworks */ = {
			isa = PBXFrameworksBuildPhase;
			buildActionMask = 2147483647;
			files = (
			);
			runOnlyForDeploymentPostprocessing = 0;
		};
/* End PBXFrameworksBuildPhase section */

/* Begin PBXGroup section */
		D469052D1BFAD303004A20B0 = {
			isa = PBXGroup;
			children = (
				D46905381BFAD303004A20B0 /* NSLog */,
				D46905371BFAD303004A20B0 /* Products */,
			);
			sourceTree = "<group>";
		};
		D46905371BFAD303004A20B0 /* Products */ = {
			isa = PBXGroup;
			children = (
				D46905361BFAD303004A20B0 /* NSLog */,
			);
			name = Products;
			sourceTree = "<group>";
		};
		D46905381BFAD303004A20B0 /* NSLog */ = {
			isa = PBXGroup;
			children = (
				D46905391BFAD303004A20B0 /* main.m */,
				D46905431BFADA79004A20B0 /* NSLog+Extension.h */,
				D46905441BFADA79004A20B0 /* NSLog+Extension.m */,
			);
			path = NSLog;
			sourceTree = "<group>";
		};
/* End PBXGroup section */

/* Begin PBXNativeTarget section */
		D46905351BFAD303004A20B0 /* NSLog */ = {
			isa = PBXNativeTarget;
			buildConfigurationList = D469053D1BFAD303004A20B0 /* Build configuration list for PBXNativeTarget "NSLog" */;
			buildPhases = (
				D46905321BFAD303004A20B0 /* Sources */,
				D46905331BFAD303004A20B0 /* Frameworks */,
				D46905341BFAD303004A20B0 /* CopyFiles */,
			);
			buildRules = (
			);
			dependencies = (
			);
			name = NSLog;
			productName = NSLog;
			productReference = D46905361BFAD303004A20B0 /* NSLog */;
			productType = "com.apple.product-type.tool";
		};
/* End PBXNativeTarget section */

/* Begin PBXProject section */
		D469052E1BFAD303004A20B0 /* Project object */ = {
			isa = PBXProject;
			attributes = {
				LastUpgradeCheck = 0710;
				ORGANIZATIONNAME = "阳君";
				TargetAttributes = {
					D46905351BFAD303004A20B0 = {
						CreatedOnToolsVersion = 7.1.1;
					};
				};
			};
			buildConfigurationList = D46905311BFAD303004A20B0 /* Build configuration list for PBXProject "NSLog" */;
			compatibilityVersion = "Xcode 3.2";
			developmentRegion = English;
			hasScannedForEncodings = 0;
			knownRegions = (
				en,
			);
			mainGroup = D469052D1BFAD303004A20B0;
			productRefGroup = D46905371BFAD303004A20B0 /* Products */;
			projectDirPath = "";
			projectRoot = "";
			targets = (
				D46905351BFAD303004A20B0 /* NSLog */,
			);
		};
/* End PBXProject section */

/* Begin PBXSourcesBuildPhase section */
		D46905321BFAD303004A20B0 /* Sources */ = {
			isa = PBXSourcesBuildPhase;
			buildActionMask = 2147483647;
			files = (
				D469053A1BFAD303004A20B0 /* main.m in Sources */,
				D46905451BFADA79004A20B0 /* NSLog+Extension.m in Sources */,
			);
			runOnlyForDeploymentPostprocessing = 0;
		};
/* End PBXSourcesBuildPhase section */

/* Begin XCBuildConfiguration section */
		D469053B1BFAD303004A20B0 /* Debug */ = {
			isa = XCBuildConfiguration;
			buildSettings = {
				ALWAYS_SEARCH_USER_PATHS = NO;
				CLANG_CXX_LANGUAGE_STANDARD = "gnu++0x";
				CLANG_CXX_LIBRARY = "libc++";
				CLANG_ENABLE_MODULES = YES;
				CLANG_ENABLE_OBJC_ARC = YES;
				CLANG_WARN_BOOL_CONVERSION = YES;
				CLANG_WARN_CONSTANT_CONVERSION = YES;
				CLANG_WARN_DIRECT_OBJC_ISA_USAGE = YES_ERROR;
				CLANG_WARN_EMPTY_BODY = YES;
				CLANG_WARN_ENUM_CONVERSION = YES;
				CLANG_WARN_INT_CONVERSION = YES;
				CLANG_WARN_OBJC_ROOT_CLASS = YES_ERROR;
				CLANG_WARN_UNREACHABLE_CODE = YES;
				CLANG_WARN__DUPLICATE_METHOD_MATCH = YES;
				CODE_SIGN_IDENTITY = "-";
				COPY_PHASE_STRIP = NO;
				DEBUG_INFORMATION_FORMAT = dwarf;
				ENABLE_STRICT_OBJC_MSGSEND = YES;
				ENABLE_TESTABILITY = YES;
				GCC_C_LANGUAGE_STANDARD = gnu99;
				GCC_DYNAMIC_NO_PIC = NO;
				GCC_NO_COMMON_BLOCKS = YES;
				GCC_OPTIMIZATION_LEVEL = 0;
				GCC_PREPROCESSOR_DEFINITIONS = (
					"DEBUG=1",
					"$(inherited)",
				);
				GCC_WARN_64_TO_32_BIT_CONVERSION = YES;
				GCC_WARN_ABOUT_RETURN_TYPE = YES_ERROR;
				GCC_WARN_UNDECLARED_SELECTOR = YES;
				GCC_WARN_UNINITIALIZED_AUTOS = YES_AGGRESSIVE;
				GCC_WARN_UNUSED_FUNCTION = YES;
				GCC_WARN_UNUSED_VARIABLE = YES;
				MACOSX_DEPLOYMENT_TARGET = 10.11;
				MTL_ENABLE_DEBUG_INFO = YES;
				ONLY_ACTIVE_ARCH = YES;
				SDKROOT = macosx;
			};
			name = Debug;
		};
		D469053C1BFAD303004A20B0 /* Release */ = {
			isa = XCBuildConfiguration;
			buildSettings = {
				ALWAYS_SEARCH_USER_PATHS = NO;
				CLANG_CXX_LANGUAGE_STANDARD = "gnu++0x";
				CLANG_CXX_LIBRARY = "libc++";
				CLANG_ENABLE_MODULES = YES;
				CLANG_ENABLE_OBJC_ARC = YES;
				CLANG_WARN_BOOL_CONVERSION = YES;
				CLANG_WARN_CONSTANT_CONVERSION = YES;
				CLANG_WARN_DIRECT_OBJC_ISA_USAGE = YES_ERROR;
				CLANG_WARN_EMPTY_BODY = YES;
				CLANG_WARN_ENUM_CONVERSION = YES;
				CLANG_WARN_INT_CONVERSION = YES;
				CLANG_WARN_OBJC_ROOT_CLASS = YES_ERROR;
				CLANG_WARN_UNREACHABLE_CODE = YES;
				CLANG_WARN__DUPLICATE_METHOD_MATCH = YES;
				CODE_SIGN_IDENTITY = "-";
				COPY_PHASE_STRIP = NO;
				DEBUG_INFORMATION_FORMAT = "dwarf-with-dsym";
				ENABLE_NS_ASSERTIONS = NO;
				ENABLE_STRICT_OBJC_MSGSEND = YES;
				GCC_C_LANGUAGE_STANDARD = gnu99;
				GCC_NO_COMMON_BLOCKS = YES;
				GCC_WARN_64_TO_32_BIT_CONVERSION = YES;
				GCC_WARN_ABOUT_RETURN_TYPE = YES_ERROR;
				GCC_WARN_UNDECLARED_SELECTOR = YES;
				GCC_WARN_UNINITIALIZED_AUTOS = YES_AGGRESSIVE;
				GCC_WARN_UNUSED_FUNCTION = YES;
				GCC_WARN_UNUSED_VARIABLE = YES;
				MACOSX_DEPLOYMENT_TARGET = 10.11;
				MTL_ENABLE_DEBUG_INFO = NO;
				SDKROOT = macosx;
			};
			name = Release;
		};
		D469053E1BFAD303004A20B0 /* Debug */ = {
			isa = XCBuildConfiguration;
			buildSettings = {
				PRODUCT_NAME = "$(TARGET_NAME)";
			};
			name = Debug;
		};
		D469053F1BFAD303004A20B0 /* Release */ = {
			isa = XCBuildConfiguration;
			buildSettings = {
				PRODUCT_NAME = "$(TARGET_NAME)";
			};
			name = Release;
		};
/* End XCBuildConfiguration section */

/* Begin XCConfigurationList section */
		D46905311BFAD303004A20B0 /* Build configuration list for PBXProject "NSLog" */ = {
			isa = XCConfigurationList;
			buildConfigurations = (
				D469053B1BFAD303004A20B0 /* Debug */,
				D469053C1BFAD303004A20B0 /* Release */,
			);
			defaultConfigurationIsVisible = 0;
			defaultConfigurationName = Release;
		};
		D469053D1BFAD303004A20B0 /* Build configuration list for PBXNativeTarget "NSLog" */ = {
			isa = XCConfigurationList;
			buildConfigurations = (
				D469053E1BFAD303004A20B0 /* Debug */,
				D469053F1BFAD303004A20B0 /* Release */,
			);
			defaultConfigurationIsVisible = 0;
		};
/* End XCConfigurationList section */
	};
	rootObject = D469052E1BFAD303004A20B0 /* Project object */;
}
